// !$*UTF8*$!
{
	archiveVersion = 1;
	classes = {
	};
	objectVersion = 46;
	objects = {

/* Begin PBXBuildFile section */
		A42197751610A15A00352617 /* AFHTTPClient.m in Sources */ = {isa = PBXBuildFile; fileRef = A42197631610A15A00352617 /* AFHTTPClient.m */; };
		A42197761610A15A00352617 /* AFHTTPRequestOperation.m in Sources */ = {isa = PBXBuildFile; fileRef = A42197651610A15A00352617 /* AFHTTPRequestOperation.m */; };
		A42197771610A15A00352617 /* AFImageRequestOperation.m in Sources */ = {isa = PBXBuildFile; fileRef = A42197671610A15A00352617 /* AFImageRequestOperation.m */; };
		A42197781610A15A00352617 /* AFJSONRequestOperation.m in Sources */ = {isa = PBXBuildFile; fileRef = A42197691610A15A00352617 /* AFJSONRequestOperation.m */; };
		A42197791610A15A00352617 /* AFNetworkActivityIndicatorManager.m in Sources */ = {isa = PBXBuildFile; fileRef = A421976B1610A15A00352617 /* AFNetworkActivityIndicatorManager.m */; };
		A421977A1610A15A00352617 /* AFPropertyListRequestOperation.m in Sources */ = {isa = PBXBuildFile; fileRef = A421976E1610A15A00352617 /* AFPropertyListRequestOperation.m */; };
		A421977B1610A15A00352617 /* AFURLConnectionOperation.m in Sources */ = {isa = PBXBuildFile; fileRef = A42197701610A15A00352617 /* AFURLConnectionOperation.m */; };
		A421977C1610A15A00352617 /* AFXMLRequestOperation.m in Sources */ = {isa = PBXBuildFile; fileRef = A42197721610A15A00352617 /* AFXMLRequestOperation.m */; };
		A421977D1610A15A00352617 /* UIImageView+AFNetworking.m in Sources */ = {isa = PBXBuildFile; fileRef = A42197741610A15A00352617 /* UIImageView+AFNetworking.m */; };
		A42E75391610FAED00D52E7E /* TmpImageViewController.m in Sources */ = {isa = PBXBuildFile; fileRef = A42E75371610FAED00D52E7E /* TmpImageViewController.m */; };
		A42E753A1610FAED00D52E7E /* TmpImageViewController.xib in Resources */ = {isa = PBXBuildFile; fileRef = A42E75381610FAED00D52E7E /* TmpImageViewController.xib */; };
		A457C10F160FA55E00CFB513 /* UIKit.framework in Frameworks */ = {isa = PBXBuildFile; fileRef = A457C10E160FA55E00CFB513 /* UIKit.framework */; };
		A457C111160FA55E00CFB513 /* Foundation.framework in Frameworks */ = {isa = PBXBuildFile; fileRef = A457C110160FA55E00CFB513 /* Foundation.framework */; };
		A457C113160FA55E00CFB513 /* CoreGraphics.framework in Frameworks */ = {isa = PBXBuildFile; fileRef = A457C112160FA55E00CFB513 /* CoreGraphics.framework */; };
		A457C119160FA55E00CFB513 /* InfoPlist.strings in Resources */ = {isa = PBXBuildFile; fileRef = A457C117160FA55E00CFB513 /* InfoPlist.strings */; };
		A457C11B160FA55E00CFB513 /* main.m in Sources */ = {isa = PBXBuildFile; fileRef = A457C11A160FA55E00CFB513 /* main.m */; };
		A457C11F160FA55E00CFB513 /* IIIUIAppDelegate.m in Sources */ = {isa = PBXBuildFile; fileRef = A457C11E160FA55E00CFB513 /* IIIUIAppDelegate.m */; };
		A457C12D160FA5C800CFB513 /* LoginViewController.m in Sources */ = {isa = PBXBuildFile; fileRef = A457C12B160FA5C800CFB513 /* LoginViewController.m */; };
		A457C12E160FA5C800CFB513 /* LoginViewController.xib in Resources */ = {isa = PBXBuildFile; fileRef = A457C12C160FA5C800CFB513 /* LoginViewController.xib */; };
		A457C134160FABAB00CFB513 /* HomeViewController.m in Sources */ = {isa = PBXBuildFile; fileRef = A457C132160FABAA00CFB513 /* HomeViewController.m */; };
		A457C135160FABAB00CFB513 /* HomeViewController.xib in Resources */ = {isa = PBXBuildFile; fileRef = A457C133160FABAA00CFB513 /* HomeViewController.xib */; };
		A457C139160FABBA00CFB513 /* ShareViewController.m in Sources */ = {isa = PBXBuildFile; fileRef = A457C137160FABBA00CFB513 /* ShareViewController.m */; };
		A457C13A160FABBA00CFB513 /* ShareViewController.xib in Resources */ = {isa = PBXBuildFile; fileRef = A457C138160FABBA00CFB513 /* ShareViewController.xib */; };
		A457C13E160FABCE00CFB513 /* UserCenterViewController.m in Sources */ = {isa = PBXBuildFile; fileRef = A457C13C160FABCE00CFB513 /* UserCenterViewController.m */; };
		A457C13F160FABCE00CFB513 /* UserCenterViewController.xib in Resources */ = {isa = PBXBuildFile; fileRef = A457C13D160FABCE00CFB513 /* UserCenterViewController.xib */; };
		A457C143160FABDA00CFB513 /* OtherViewController.m in Sources */ = {isa = PBXBuildFile; fileRef = A457C141160FABDA00CFB513 /* OtherViewController.m */; };
		A457C144160FABDA00CFB513 /* OtherViewController.xib in Resources */ = {isa = PBXBuildFile; fileRef = A457C142160FABDA00CFB513 /* OtherViewController.xib */; };
		A457C148160FABF800CFB513 /* RegisterViewController.m in Sources */ = {isa = PBXBuildFile; fileRef = A457C146160FABF700CFB513 /* RegisterViewController.m */; };
		A457C149160FABF800CFB513 /* RegisterViewController.xib in Resources */ = {isa = PBXBuildFile; fileRef = A457C147160FABF700CFB513 /* RegisterViewController.xib */; };
		A4BB67CA1610D3700057DD5E /* CameraViewController.m in Sources */ = {isa = PBXBuildFile; fileRef = A4BB67C81610D3700057DD5E /* CameraViewController.m */; };
		A4BB67CB1610D3700057DD5E /* CameraViewController.xib in Resources */ = {isa = PBXBuildFile; fileRef = A4BB67C91610D3700057DD5E /* CameraViewController.xib */; };
/* End PBXBuildFile section */

/* Begin PBXFileReference section */
		A42197621610A15A00352617 /* AFHTTPClient.h */ = {isa = PBXFileReference; fileEncoding = 4; lastKnownFileType = sourcecode.c.h; path = AFHTTPClient.h; sourceTree = "<group>"; };
		A42197631610A15A00352617 /* AFHTTPClient.m */ = {isa = PBXFileReference; fileEncoding = 4; lastKnownFileType = sourcecode.c.objc; path = AFHTTPClient.m; sourceTree = "<group>"; };
		A42197641610A15A00352617 /* AFHTTPRequestOperation.h */ = {isa = PBXFileReference; fileEncoding = 4; lastKnownFileType = sourcecode.c.h; path = AFHTTPRequestOperation.h; sourceTree = "<group>"; };
		A42197651610A15A00352617 /* AFHTTPRequestOperation.m */ = {isa = PBXFileReference; fileEncoding = 4; lastKnownFileType = sourcecode.c.objc; path = AFHTTPRequestOperation.m; sourceTree = "<group>"; };
		A42197661610A15A00352617 /* AFImageRequestOperation.h */ = {isa = PBXFileReference; fileEncoding = 4; lastKnownFileType = sourcecode.c.h; path = AFImageRequestOperation.h; sourceTree = "<group>"; };
		A42197671610A15A00352617 /* AFImageRequestOperation.m */ = {isa = PBXFileReference; fileEncoding = 4; lastKnownFileType = sourcecode.c.objc; path = AFImageRequestOperation.m; sourceTree = "<group>"; };
		A42197681610A15A00352617 /* AFJSONRequestOperation.h */ = {isa = PBXFileReference; fileEncoding = 4; lastKnownFileType = sourcecode.c.h; path = AFJSONRequestOperation.h; sourceTree = "<group>"; };
		A42197691610A15A00352617 /* AFJSONRequestOperation.m */ = {isa = PBXFileReference; fileEncoding = 4; lastKnownFileType = sourcecode.c.objc; path = AFJSONRequestOperation.m; sourceTree = "<group>"; };
		A421976A1610A15A00352617 /* AFNetworkActivityIndicatorManager.h */ = {isa = PBXFileReference; fileEncoding = 4; lastKnownFileType = sourcecode.c.h; path = AFNetworkActivityIndicatorManager.h; sourceTree = "<group>"; };
		A421976B1610A15A00352617 /* AFNetworkActivityIndicatorManager.m */ = {isa = PBXFileReference; fileEncoding = 4; lastKnownFileType = sourcecode.c.objc; path = AFNetworkActivityIndicatorManager.m; sourceTree = "<group>"; };
		A421976C1610A15A00352617 /* AFNetworking.h */ = {isa = PBXFileReference; fileEncoding = 4; lastKnownFileType = sourcecode.c.h; path = AFNetworking.h; sourceTree = "<group>"; };
		A421976D1610A15A00352617 /* AFPropertyListRequestOperation.h */ = {isa = PBXFileReference; fileEncoding = 4; lastKnownFileType = sourcecode.c.h; path = AFPropertyListRequestOperation.h; sourceTree = "<group>"; };
		A421976E1610A15A00352617 /* AFPropertyListRequestOperation.m */ = {isa = PBXFileReference; fileEncoding = 4; lastKnownFileType = sourcecode.c.objc; path = AFPropertyListRequestOperation.m; sourceTree = "<group>"; };
		A421976F1610A15A00352617 /* AFURLConnectionOperation.h */ = {isa = PBXFileReference; fileEncoding = 4; lastKnownFileType = sourcecode.c.h; path = AFURLConnectionOperation.h; sourceTree = "<group>"; };
		A42197701610A15A00352617 /* AFURLConnectionOperation.m */ = {isa = PBXFileReference; fileEncoding = 4; lastKnownFileType = sourcecode.c.objc; path = AFURLConnectionOperation.m; sourceTree = "<group>"; };
		A42197711610A15A00352617 /* AFXMLRequestOperation.h */ = {isa = PBXFileReference; fileEncoding = 4; lastKnownFileType = sourcecode.c.h; path = AFXMLRequestOperation.h; sourceTree = "<group>"; };
		A42197721610A15A00352617 /* AFXMLRequestOperation.m */ = {isa = PBXFileReference; fileEncoding = 4; lastKnownFileType = sourcecode.c.objc; path = AFXMLRequestOperation.m; sourceTree = "<group>"; };
		A42197731610A15A00352617 /* UIImageView+AFNetworking.h */ = {isa = PBXFileReference; fileEncoding = 4; lastKnownFileType = sourcecode.c.h; path = "UIImageView+AFNetworking.h"; sourceTree = "<group>"; };
		A42197741610A15A00352617 /* UIImageView+AFNetworking.m */ = {isa = PBXFileReference; fileEncoding = 4; lastKnownFileType = sourcecode.c.objc; path = "UIImageView+AFNetworking.m"; sourceTree = "<group>"; };
		A42E75361610FAED00D52E7E /* TmpImageViewController.h */ = {isa = PBXFileReference; fileEncoding = 4; lastKnownFileType = sourcecode.c.h; path = TmpImageViewController.h; sourceTree = "<group>"; };
		A42E75371610FAED00D52E7E /* TmpImageViewController.m */ = {isa = PBXFileReference; fileEncoding = 4; lastKnownFileType = sourcecode.c.objc; path = TmpImageViewController.m; sourceTree = "<group>"; };
		A42E75381610FAED00D52E7E /* TmpImageViewController.xib */ = {isa = PBXFileReference; fileEncoding = 4; lastKnownFileType = file.xib; path = TmpImageViewController.xib; sourceTree = "<group>"; };
		A457C10A160FA55E00CFB513 /* IIIUI-0.1.app */ = {isa = PBXFileReference; explicitFileType = wrapper.application; includeInIndex = 0; path = "IIIUI-0.1.app"; sourceTree = BUILT_PRODUCTS_DIR; };
		A457C10E160FA55E00CFB513 /* UIKit.framework */ = {isa = PBXFileReference; lastKnownFileType = wrapper.framework; name = UIKit.framework; path = System/Library/Frameworks/UIKit.framework; sourceTree = SDKROOT; };
		A457C110160FA55E00CFB513 /* Foundation.framework */ = {isa = PBXFileReference; lastKnownFileType = wrapper.framework; name = Foundation.framework; path = System/Library/Frameworks/Foundation.framework; sourceTree = SDKROOT; };
		A457C112160FA55E00CFB513 /* CoreGraphics.framework */ = {isa = PBXFileReference; lastKnownFileType = wrapper.framework; name = CoreGraphics.framework; path = System/Library/Frameworks/CoreGraphics.framework; sourceTree = SDKROOT; };
		A457C116160FA55E00CFB513 /* IIIUI-0.1-Info.plist */ = {isa = PBXFileReference; lastKnownFileType = text.plist.xml; path = "IIIUI-0.1-Info.plist"; sourceTree = "<group>"; };
		A457C118160FA55E00CFB513 /* en */ = {isa = PBXFileReference; lastKnownFileType = text.plist.strings; name = en; path = en.lproj/InfoPlist.strings; sourceTree = "<group>"; };
		A457C11A160FA55E00CFB513 /* main.m */ = {isa = PBXFileReference; lastKnownFileType = sourcecode.c.objc; path = main.m; sourceTree = "<group>"; };
		A457C11C160FA55E00CFB513 /* IIIUI-0.1-Prefix.pch */ = {isa = PBXFileReference; lastKnownFileType = sourcecode.c.h; path = "IIIUI-0.1-Prefix.pch"; sourceTree = "<group>"; };
		A457C11D160FA55E00CFB513 /* IIIUIAppDelegate.h */ = {isa = PBXFileReference; lastKnownFileType = sourcecode.c.h; path = IIIUIAppDelegate.h; sourceTree = "<group>"; };
		A457C11E160FA55E00CFB513 /* IIIUIAppDelegate.m */ = {isa = PBXFileReference; lastKnownFileType = sourcecode.c.objc; path = IIIUIAppDelegate.m; sourceTree = "<group>"; };
		A457C12A160FA5C800CFB513 /* LoginViewController.h */ = {isa = PBXFileReference; fileEncoding = 4; lastKnownFileType = sourcecode.c.h; path = LoginViewController.h; sourceTree = "<group>"; };
		A457C12B160FA5C800CFB513 /* LoginViewController.m */ = {isa = PBXFileReference; fileEncoding = 4; lastKnownFileType = sourcecode.c.objc; path = LoginViewController.m; sourceTree = "<group>"; };
		A457C12C160FA5C800CFB513 /* LoginViewController.xib */ = {isa = PBXFileReference; fileEncoding = 4; lastKnownFileType = file.xib; path = LoginViewController.xib; sourceTree = "<group>"; };
		A457C131160FABAA00CFB513 /* HomeViewController.h */ = {isa = PBXFileReference; fileEncoding = 4; lastKnownFileType = sourcecode.c.h; path = HomeViewController.h; sourceTree = "<group>"; };
		A457C132160FABAA00CFB513 /* HomeViewController.m */ = {isa = PBXFileReference; fileEncoding = 4; lastKnownFileType = sourcecode.c.objc; path = HomeViewController.m; sourceTree = "<group>"; };
		A457C133160FABAA00CFB513 /* HomeViewController.xib */ = {isa = PBXFileReference; fileEncoding = 4; lastKnownFileType = file.xib; path = HomeViewController.xib; sourceTree = "<group>"; };
		A457C136160FABBA00CFB513 /* ShareViewController.h */ = {isa = PBXFileReference; fileEncoding = 4; lastKnownFileType = sourcecode.c.h; path = ShareViewController.h; sourceTree = "<group>"; };
		A457C137160FABBA00CFB513 /* ShareViewController.m */ = {isa = PBXFileReference; fileEncoding = 4; lastKnownFileType = sourcecode.c.objc; path = ShareViewController.m; sourceTree = "<group>"; };
		A457C138160FABBA00CFB513 /* ShareViewController.xib */ = {isa = PBXFileReference; fileEncoding = 4; lastKnownFileType = file.xib; path = ShareViewController.xib; sourceTree = "<group>"; };
		A457C13B160FABCE00CFB513 /* UserCenterViewController.h */ = {isa = PBXFileReference; fileEncoding = 4; lastKnownFileType = sourcecode.c.h; path = UserCenterViewController.h; sourceTree = "<group>"; };
		A457C13C160FABCE00CFB513 /* UserCenterViewController.m */ = {isa = PBXFileReference; fileEncoding = 4; lastKnownFileType = sourcecode.c.objc; path = UserCenterViewController.m; sourceTree = "<group>"; };
		A457C13D160FABCE00CFB513 /* UserCenterViewController.xib */ = {isa = PBXFileReference; fileEncoding = 4; lastKnownFileType = file.xib; path = UserCenterViewController.xib; sourceTree = "<group>"; };
		A457C140160FABDA00CFB513 /* OtherViewController.h */ = {isa = PBXFileReference; fileEncoding = 4; lastKnownFileType = sourcecode.c.h; path = OtherViewController.h; sourceTree = "<group>"; };
		A457C141160FABDA00CFB513 /* OtherViewController.m */ = {isa = PBXFileReference; fileEncoding = 4; lastKnownFileType = sourcecode.c.objc; path = OtherViewController.m; sourceTree = "<group>"; };
		A457C142160FABDA00CFB513 /* OtherViewController.xib */ = {isa = PBXFileReference; fileEncoding = 4; lastKnownFileType = file.xib; path = OtherViewController.xib; sourceTree = "<group>"; };
		A457C145160FABF700CFB513 /* RegisterViewController.h */ = {isa = PBXFileReference; fileEncoding = 4; lastKnownFileType = sourcecode.c.h; path = RegisterViewController.h; sourceTree = "<group>"; };
		A457C146160FABF700CFB513 /* RegisterViewController.m */ = {isa = PBXFileReference; fileEncoding = 4; lastKnownFileType = sourcecode.c.objc; path = RegisterViewController.m; sourceTree = "<group>"; };
		A457C147160FABF700CFB513 /* RegisterViewController.xib */ = {isa = PBXFileReference; fileEncoding = 4; lastKnownFileType = file.xib; path = RegisterViewController.xib; sourceTree = "<group>"; };
		A4BB67C71610D3700057DD5E /* CameraViewController.h */ = {isa = PBXFileReference; fileEncoding = 4; lastKnownFileType = sourcecode.c.h; path = CameraViewController.h; sourceTree = "<group>"; };
		A4BB67C81610D3700057DD5E /* CameraViewController.m */ = {isa = PBXFileReference; fileEncoding = 4; lastKnownFileType = sourcecode.c.objc; path = CameraViewController.m; sourceTree = "<group>"; };
		A4BB67C91610D3700057DD5E /* CameraViewController.xib */ = {isa = PBXFileReference; fileEncoding = 4; lastKnownFileType = file.xib; path = CameraViewController.xib; sourceTree = "<group>"; };
/* End PBXFileReference section */

/* Begin PBXFrameworksBuildPhase section */
		A457C107160FA55E00CFB513 /* Frameworks */ = {
			isa = PBXFrameworksBuildPhase;
			buildActionMask = 2147483647;
			files = (
				A457C10F160FA55E00CFB513 /* UIKit.framework in Frameworks */,
				A457C111160FA55E00CFB513 /* Foundation.framework in Frameworks */,
				A457C113160FA55E00CFB513 /* CoreGraphics.framework in Frameworks */,
			);
			runOnlyForDeploymentPostprocessing = 0;
		};
/* End PBXFrameworksBuildPhase section */

/* Begin PBXGroup section */
		A42197611610A15A00352617 /* AFNetworking */ = {
			isa = PBXGroup;
			children = (
				A42197621610A15A00352617 /* AFHTTPClient.h */,
				A42197631610A15A00352617 /* AFHTTPClient.m */,
				A42197641610A15A00352617 /* AFHTTPRequestOperation.h */,
				A42197651610A15A00352617 /* AFHTTPRequestOperation.m */,
				A42197661610A15A00352617 /* AFImageRequestOperation.h */,
				A42197671610A15A00352617 /* AFImageRequestOperation.m */,
				A42197681610A15A00352617 /* AFJSONRequestOperation.h */,
				A42197691610A15A00352617 /* AFJSONRequestOperation.m */,
				A421976A1610A15A00352617 /* AFNetworkActivityIndicatorManager.h */,
				A421976B1610A15A00352617 /* AFNetworkActivityIndicatorManager.m */,
				A421976C1610A15A00352617 /* AFNetworking.h */,
				A421976D1610A15A00352617 /* AFPropertyListRequestOperation.h */,
				A421976E1610A15A00352617 /* AFPropertyListRequestOperation.m */,
				A421976F1610A15A00352617 /* AFURLConnectionOperation.h */,
				A42197701610A15A00352617 /* AFURLConnectionOperation.m */,
				A42197711610A15A00352617 /* AFXMLRequestOperation.h */,
				A42197721610A15A00352617 /* AFXMLRequestOperation.m */,
				A42197731610A15A00352617 /* UIImageView+AFNetworking.h */,
				A42197741610A15A00352617 /* UIImageView+AFNetworking.m */,
			);
			path = AFNetworking;
			sourceTree = "<group>";
		};
		A457C0FF160FA55E00CFB513 = {
			isa = PBXGroup;
			children = (
				A457C114160FA55E00CFB513 /* IIIUI-0.1 */,
				A457C10D160FA55E00CFB513 /* Frameworks */,
				A457C10B160FA55E00CFB513 /* Products */,
			);
			sourceTree = "<group>";
		};
		A457C10B160FA55E00CFB513 /* Products */ = {
			isa = PBXGroup;
			children = (
				A457C10A160FA55E00CFB513 /* IIIUI-0.1.app */,
			);
			name = Products;
			sourceTree = "<group>";
		};
		A457C10D160FA55E00CFB513 /* Frameworks */ = {
			isa = PBXGroup;
			children = (
				A457C10E160FA55E00CFB513 /* UIKit.framework */,
				A457C110160FA55E00CFB513 /* Foundation.framework */,
				A457C112160FA55E00CFB513 /* CoreGraphics.framework */,
			);
			name = Frameworks;
			sourceTree = "<group>";
		};
		A457C114160FA55E00CFB513 /* IIIUI-0.1 */ = {
			isa = PBXGroup;
			children = (
				A42197611610A15A00352617 /* AFNetworking */,
				A457C129160FA5A700CFB513 /* Models */,
				A457C127160FA58E00CFB513 /* Resources */,
				A457C126160FA58400CFB513 /* Controllers */,
				A457C125160FA56E00CFB513 /* Views */,
				A457C11D160FA55E00CFB513 /* IIIUIAppDelegate.h */,
				A457C11E160FA55E00CFB513 /* IIIUIAppDelegate.m */,
				A457C115160FA55E00CFB513 /* Supporting Files */,
			);
			path = "IIIUI-0.1";
			sourceTree = "<group>";
		};
		A457C115160FA55E00CFB513 /* Supporting Files */ = {
			isa = PBXGroup;
			children = (
				A457C116160FA55E00CFB513 /* IIIUI-0.1-Info.plist */,
				A457C117160FA55E00CFB513 /* InfoPlist.strings */,
				A457C11A160FA55E00CFB513 /* main.m */,
				A457C11C160FA55E00CFB513 /* IIIUI-0.1-Prefix.pch */,
			);
			name = "Supporting Files";
			sourceTree = "<group>";
		};
		A457C125160FA56E00CFB513 /* Views */ = {
			isa = PBXGroup;
			children = (
				A42E75381610FAED00D52E7E /* TmpImageViewController.xib */,
				A4BB67C91610D3700057DD5E /* CameraViewController.xib */,
				A457C147160FABF700CFB513 /* RegisterViewController.xib */,
				A457C142160FABDA00CFB513 /* OtherViewController.xib */,
				A457C13D160FABCE00CFB513 /* UserCenterViewController.xib */,
				A457C133160FABAA00CFB513 /* HomeViewController.xib */,
				A457C138160FABBA00CFB513 /* ShareViewController.xib */,
				A457C12C160FA5C800CFB513 /* LoginViewController.xib */,
			);
			name = Views;
			sourceTree = "<group>";
		};
		A457C126160FA58400CFB513 /* Controllers */ = {
			isa = PBXGroup;
			children = (
				A457C12A160FA5C800CFB513 /* LoginViewController.h */,
				A457C12B160FA5C800CFB513 /* LoginViewController.m */,
				A457C131160FABAA00CFB513 /* HomeViewController.h */,
				A457C132160FABAA00CFB513 /* HomeViewController.m */,
				A457C136160FABBA00CFB513 /* ShareViewController.h */,
				A457C137160FABBA00CFB513 /* ShareViewController.m */,
				A457C13B160FABCE00CFB513 /* UserCenterViewController.h */,
				A457C13C160FABCE00CFB513 /* UserCenterViewController.m */,
				A457C140160FABDA00CFB513 /* OtherViewController.h */,
				A457C141160FABDA00CFB513 /* OtherViewController.m */,
				A457C145160FABF700CFB513 /* RegisterViewController.h */,
				A457C146160FABF700CFB513 /* RegisterViewController.m */,
				A4BB67C71610D3700057DD5E /* CameraViewController.h */,
				A4BB67C81610D3700057DD5E /* CameraViewController.m */,
				A42E75361610FAED00D52E7E /* TmpImageViewController.h */,
				A42E75371610FAED00D52E7E /* TmpImageViewController.m */,
			);
			name = Controllers;
			sourceTree = "<group>";
		};
		A457C127160FA58E00CFB513 /* Resources */ = {
			isa = PBXGroup;
			children = (
				A457C128160FA59B00CFB513 /* Images */,
			);
			name = Resources;
			sourceTree = "<group>";
		};
		A457C128160FA59B00CFB513 /* Images */ = {
			isa = PBXGroup;
			children = (
			);
			name = Images;
			sourceTree = "<group>";
		};
		A457C129160FA5A700CFB513 /* Models */ = {
			isa = PBXGroup;
			children = (
			);
			name = Models;
			sourceTree = "<group>";
		};
/* End PBXGroup section */

/* Begin PBXNativeTarget section */
		A457C109160FA55E00CFB513 /* IIIUI-0.1 */ = {
			isa = PBXNativeTarget;
			buildConfigurationList = A457C122160FA55E00CFB513 /* Build configuration list for PBXNativeTarget "IIIUI-0.1" */;
			buildPhases = (
				A457C106160FA55E00CFB513 /* Sources */,
				A457C107160FA55E00CFB513 /* Frameworks */,
				A457C108160FA55E00CFB513 /* Resources */,
			);
			buildRules = (
			);
			dependencies = (
			);
			name = "IIIUI-0.1";
			productName = "IIIUI-0.1";
			productReference = A457C10A160FA55E00CFB513 /* IIIUI-0.1.app */;
			productType = "com.apple.product-type.application";
		};
/* End PBXNativeTarget section */

/* Begin PBXProject section */
		A457C101160FA55E00CFB513 /* Project object */ = {
			isa = PBXProject;
			attributes = {
				CLASSPREFIX = IIIUI;
				LastUpgradeCheck = 0440;
				ORGANIZATIONNAME = "You Star";
			};
			buildConfigurationList = A457C104160FA55E00CFB513 /* Build configuration list for PBXProject "IIIUI-0.1" */;
			compatibilityVersion = "Xcode 3.2";
			developmentRegion = English;
			hasScannedForEncodings = 0;
			knownRegions = (
				en,
			);
			mainGroup = A457C0FF160FA55E00CFB513;
			productRefGroup = A457C10B160FA55E00CFB513 /* Products */;
			projectDirPath = "";
			projectRoot = "";
			targets = (
				A457C109160FA55E00CFB513 /* IIIUI-0.1 */,
			);
		};
/* End PBXProject section */

/* Begin PBXResourcesBuildPhase section */
		A457C108160FA55E00CFB513 /* Resources */ = {
			isa = PBXResourcesBuildPhase;
			buildActionMask = 2147483647;
			files = (
				A457C119160FA55E00CFB513 /* InfoPlist.strings in Resources */,
				A457C12E160FA5C800CFB513 /* LoginViewController.xib in Resources */,
				A457C135160FABAB00CFB513 /* HomeViewController.xib in Resources */,
				A457C13A160FABBA00CFB513 /* ShareViewController.xib in Resources */,
				A457C13F160FABCE00CFB513 /* UserCenterViewController.xib in Resources */,
				A457C144160FABDA00CFB513 /* OtherViewController.xib in Resources */,
				A457C149160FABF800CFB513 /* RegisterViewController.xib in Resources */,
				A4BB67CB1610D3700057DD5E /* CameraViewController.xib in Resources */,
				A42E753A1610FAED00D52E7E /* TmpImageViewController.xib in Resources */,
			);
			runOnlyForDeploymentPostprocessing = 0;
		};
/* End PBXResourcesBuildPhase section */

/* Begin PBXSourcesBuildPhase section */
		A457C106160FA55E00CFB513 /* Sources */ = {
			isa = PBXSourcesBuildPhase;
			buildActionMask = 2147483647;
			files = (
				A457C11B160FA55E00CFB513 /* main.m in Sources */,
				A457C11F160FA55E00CFB513 /* IIIUIAppDelegate.m in Sources */,
				A457C12D160FA5C800CFB513 /* LoginViewController.m in Sources */,
				A457C134160FABAB00CFB513 /* HomeViewController.m in Sources */,
				A457C139160FABBA00CFB513 /* ShareViewController.m in Sources */,
				A457C13E160FABCE00CFB513 /* UserCenterViewController.m in Sources */,
				A457C143160FABDA00CFB513 /* OtherViewController.m in Sources */,
				A457C148160FABF800CFB513 /* RegisterViewController.m in Sources */,
				A42197751610A15A00352617 /* AFHTTPClient.m in Sources */,
				A42197761610A15A00352617 /* AFHTTPRequestOperation.m in Sources */,
				A42197771610A15A00352617 /* AFImageRequestOperation.m in Sources */,
				A42197781610A15A00352617 /* AFJSONRequestOperation.m in Sources */,
				A42197791610A15A00352617 /* AFNetworkActivityIndicatorManager.m in Sources */,
				A421977A1610A15A00352617 /* AFPropertyListRequestOperation.m in Sources */,
				A421977B1610A15A00352617 /* AFURLConnectionOperation.m in Sources */,
				A421977C1610A15A00352617 /* AFXMLRequestOperation.m in Sources */,
				A421977D1610A15A00352617 /* UIImageView+AFNetworking.m in Sources */,
				A4BB67CA1610D3700057DD5E /* CameraViewController.m in Sources */,
				A42E75391610FAED00D52E7E /* TmpImageViewController.m in Sources */,
			);
			runOnlyForDeploymentPostprocessing = 0;
		};
/* End PBXSourcesBuildPhase section */

/* Begin PBXVariantGroup section */
		A457C117160FA55E00CFB513 /* InfoPlist.strings */ = {
			isa = PBXVariantGroup;
			children = (
				A457C118160FA55E00CFB513 /* en */,
			);
			name = InfoPlist.strings;
			sourceTree = "<group>";
		};
/* End PBXVariantGroup section */

/* Begin XCBuildConfiguration section */
		A457C120160FA55E00CFB513 /* Debug */ = {
			isa = XCBuildConfiguration;
			buildSettings = {
				ALWAYS_SEARCH_USER_PATHS = NO;
				ARCHS = "$(ARCHS_STANDARD_32_BIT)";
				CLANG_CXX_LANGUAGE_STANDARD = "gnu++0x";
				CLANG_ENABLE_OBJC_ARC = YES;
				CLANG_WARN__DUPLICATE_METHOD_MATCH = YES;
				"CODE_SIGN_IDENTITY[sdk=iphoneos*]" = "iPhone Developer";
				COPY_PHASE_STRIP = NO;
				GCC_C_LANGUAGE_STANDARD = gnu99;
				GCC_DYNAMIC_NO_PIC = NO;
				GCC_OPTIMIZATION_LEVEL = 0;
				GCC_PREPROCESSOR_DEFINITIONS = (
					"DEBUG=1",
					"$(inherited)",
				);
				GCC_SYMBOLS_PRIVATE_EXTERN = NO;
				GCC_VERSION = com.apple.compilers.llvm.clang.1_0;
				GCC_WARN_ABOUT_RETURN_TYPE = YES;
				GCC_WARN_UNINITIALIZED_AUTOS = YES;
				GCC_WARN_UNUSED_VARIABLE = YES;
				IPHONEOS_DEPLOYMENT_TARGET = 5.1;
				SDKROOT = iphoneos;
			};
			name = Debug;
		};
		A457C121160FA55E00CFB513 /* Release */ = {
			isa = XCBuildConfiguration;
			buildSettings = {
				ALWAYS_SEARCH_USER_PATHS = NO;
				ARCHS = "$(ARCHS_STANDARD_32_BIT)";
				CLANG_CXX_LANGUAGE_STANDARD = "gnu++0x";
				CLANG_ENABLE_OBJC_ARC = YES;
				CLANG_WARN__DUPLICATE_METHOD_MATCH = YES;
				"CODE_SIGN_IDENTITY[sdk=iphoneos*]" = "iPhone Developer";
				COPY_PHASE_STRIP = YES;
				GCC_C_LANGUAGE_STANDARD = gnu99;
				GCC_VERSION = com.apple.compilers.llvm.clang.1_0;
				GCC_WARN_ABOUT_RETURN_TYPE = YES;
				GCC_WARN_UNINITIALIZED_AUTOS = YES;
				GCC_WARN_UNUSED_VARIABLE = YES;
				IPHONEOS_DEPLOYMENT_TARGET = 5.1;
				OTHER_CFLAGS = "-DNS_BLOCK_ASSERTIONS=1";
				SDKROOT = iphoneos;
				VALIDATE_PRODUCT = YES;
			};
			name = Release;
		};
		A457C123160FA55E00CFB513 /* Debug */ = {
			isa = XCBuildConfiguration;
			buildSettings = {
				GCC_PRECOMPILE_PREFIX_HEADER = YES;
				GCC_PREFIX_HEADER = "IIIUI-0.1/IIIUI-0.1-Prefix.pch";
				INFOPLIST_FILE = "IIIUI-0.1/IIIUI-0.1-Info.plist";
				PRODUCT_NAME = "$(TARGET_NAME)";
				WRAPPER_EXTENSION = app;
			};
			name = Debug;
		};
		A457C124160FA55E00CFB513 /* Release */ = {
			isa = XCBuildConfiguration;
			buildSettings = {
				GCC_PRECOMPILE_PREFIX_HEADER = YES;
				GCC_PREFIX_HEADER = "IIIUI-0.1/IIIUI-0.1-Prefix.pch";
				INFOPLIST_FILE = "IIIUI-0.1/IIIUI-0.1-Info.plist";
				PRODUCT_NAME = "$(TARGET_NAME)";
				WRAPPER_EXTENSION = app;
			};
			name = Release;
		};
/* End XCBuildConfiguration section */

/* Begin XCConfigurationList section */
		A457C104160FA55E00CFB513 /* Build configuration list for PBXProject "IIIUI-0.1" */ = {
			isa = XCConfigurationList;
			buildConfigurations = (
				A457C120160FA55E00CFB513 /* Debug */,
				A457C121160FA55E00CFB513 /* Release */,
			);
			defaultConfigurationIsVisible = 0;
			defaultConfigurationName = Release;
		};
		A457C122160FA55E00CFB513 /* Build configuration list for PBXNativeTarget "IIIUI-0.1" */ = {
			isa = XCConfigurationList;
			buildConfigurations = (
				A457C123160FA55E00CFB513 /* Debug */,
				A457C124160FA55E00CFB513 /* Release */,
			);
			defaultConfigurationIsVisible = 0;
			defaultConfigurationName = Release;
		};
/* End XCConfigurationList section */
	};
	rootObject = A457C101160FA55E00CFB513 /* Project object */;
}
