// !$*UTF8*$!
{
	archiveVersion = 1;
	classes = {
	};
	objectVersion = 46;
	objects = {

/* Begin PBXBuildFile section */
		6C89A099162D3B0B00D212E8 /* AFTest.m in Sources */ = {isa = PBXBuildFile; fileRef = 6C89A098162D3B0B00D212E8 /* AFTest.m */; };
		6C89A09D162D427900D212E8 /* UserShare.m in Sources */ = {isa = PBXBuildFile; fileRef = 6C89A09C162D427900D212E8 /* UserShare.m */; };
		A4572EC9162331720079848E /* RegisterViewController.m in Sources */ = {isa = PBXBuildFile; fileRef = A4572EC7162331720079848E /* RegisterViewController.m */; };
		A4572ECA162331720079848E /* RegisterViewController.xib in Resources */ = {isa = PBXBuildFile; fileRef = A4572EC8162331720079848E /* RegisterViewController.xib */; };
		A4572ECF16236F0D0079848E /* logo.jpg in Resources */ = {isa = PBXBuildFile; fileRef = A4572ECE16236F0D0079848E /* logo.jpg */; };
		A4572ED316236FC20079848E /* IndexViewController.m in Sources */ = {isa = PBXBuildFile; fileRef = A4572ED116236FC20079848E /* IndexViewController.m */; };
		A4572ED416236FC20079848E /* IndexViewController.xib in Resources */ = {isa = PBXBuildFile; fileRef = A4572ED216236FC20079848E /* IndexViewController.xib */; };
		A4572ED816236FEA0079848E /* UserPageViewController.m in Sources */ = {isa = PBXBuildFile; fileRef = A4572ED616236FEA0079848E /* UserPageViewController.m */; };
		A4572ED916236FEA0079848E /* UserPageViewController.xib in Resources */ = {isa = PBXBuildFile; fileRef = A4572ED716236FEA0079848E /* UserPageViewController.xib */; };
		A4572F5416241F020079848E /* SystemConfiguration.framework in Frameworks */ = {isa = PBXBuildFile; fileRef = A4572F5316241F020079848E /* SystemConfiguration.framework */; };
		A4572F78162469F90079848E /* AFHTTPClient.m in Sources */ = {isa = PBXBuildFile; fileRef = A4572F65162469F90079848E /* AFHTTPClient.m */; settings = {COMPILER_FLAGS = "-fno-objc-arc"; }; };
		A4572F79162469F90079848E /* AFHTTPRequestOperation.m in Sources */ = {isa = PBXBuildFile; fileRef = A4572F67162469F90079848E /* AFHTTPRequestOperation.m */; };
		A4572F7A162469F90079848E /* AFImageRequestOperation.m in Sources */ = {isa = PBXBuildFile; fileRef = A4572F69162469F90079848E /* AFImageRequestOperation.m */; };
		A4572F7B162469F90079848E /* AFJSONRequestOperation.m in Sources */ = {isa = PBXBuildFile; fileRef = A4572F6B162469F90079848E /* AFJSONRequestOperation.m */; };
		A4572F7C162469F90079848E /* AFNetworkActivityIndicatorManager.m in Sources */ = {isa = PBXBuildFile; fileRef = A4572F6D162469F90079848E /* AFNetworkActivityIndicatorManager.m */; };
		A4572F7D162469F90079848E /* AFPropertyListRequestOperation.m in Sources */ = {isa = PBXBuildFile; fileRef = A4572F70162469F90079848E /* AFPropertyListRequestOperation.m */; };
		A4572F7E162469F90079848E /* AFURLConnectionOperation.m in Sources */ = {isa = PBXBuildFile; fileRef = A4572F72162469F90079848E /* AFURLConnectionOperation.m */; };
		A4572F7F162469F90079848E /* AFXMLRequestOperation.m in Sources */ = {isa = PBXBuildFile; fileRef = A4572F74162469F90079848E /* AFXMLRequestOperation.m */; };
		A4572F80162469F90079848E /* UIImageView+AFNetworking.m in Sources */ = {isa = PBXBuildFile; fileRef = A4572F76162469F90079848E /* UIImageView+AFNetworking.m */; };
		A4572F89162491550079848E /* JSONKit.m in Sources */ = {isa = PBXBuildFile; fileRef = A4572F88162491550079848E /* JSONKit.m */; settings = {COMPILER_FLAGS = "-fno-objc-arc"; }; };
		A47E583C1625DA7A00E4A175 /* IIIUIAlertView.m in Sources */ = {isa = PBXBuildFile; fileRef = A47E583B1625DA7A00E4A175 /* IIIUIAlertView.m */; };
		A47E58401625DE2000E4A175 /* IIIUIAFHTTPClient.m in Sources */ = {isa = PBXBuildFile; fileRef = A47E583F1625DE2000E4A175 /* IIIUIAFHTTPClient.m */; };
		A47E58441625EEB200E4A175 /* UserService.m in Sources */ = {isa = PBXBuildFile; fileRef = A47E58431625EEB200E4A175 /* UserService.m */; };
		A47E584B1625FBD300E4A175 /* Tool.m in Sources */ = {isa = PBXBuildFile; fileRef = A47E584A1625FBD300E4A175 /* Tool.m */; };
		A47E584E1625FC1200E4A175 /* Config.m in Sources */ = {isa = PBXBuildFile; fileRef = A47E584D1625FC1200E4A175 /* Config.m */; };
		A47E58521626003B00E4A175 /* MBProgressHUD.m in Sources */ = {isa = PBXBuildFile; fileRef = A47E58511626003B00E4A175 /* MBProgressHUD.m */; };
		A47E585616260EA800E4A175 /* SettingViewController.m in Sources */ = {isa = PBXBuildFile; fileRef = A47E585416260EA700E4A175 /* SettingViewController.m */; };
		A47E585716260EA800E4A175 /* SettingViewController.xib in Resources */ = {isa = PBXBuildFile; fileRef = A47E585516260EA700E4A175 /* SettingViewController.xib */; };
		A47E5863162678A900E4A175 /* ShareViewController.m in Sources */ = {isa = PBXBuildFile; fileRef = A47E58611626788F00E4A175 /* ShareViewController.m */; };
		A47E5864162678A900E4A175 /* ShareViewController.xib in Resources */ = {isa = PBXBuildFile; fileRef = A47E58621626789F00E4A175 /* ShareViewController.xib */; };
		A47E58681626919D00E4A175 /* PicEditViewController.m in Sources */ = {isa = PBXBuildFile; fileRef = A47E58661626919700E4A175 /* PicEditViewController.m */; };
		A47E58691626919D00E4A175 /* PicEditViewController.xib in Resources */ = {isa = PBXBuildFile; fileRef = A47E58671626919A00E4A175 /* PicEditViewController.xib */; };
		A4D4FC041622CD760050714A /* UserAccount.m in Sources */ = {isa = PBXBuildFile; fileRef = A4D4FC031622CD760050714A /* UserAccount.m */; };
		A4D4FC0A1622D35C0050714A /* LoginViewController.m in Sources */ = {isa = PBXBuildFile; fileRef = A4D4FC081622D35C0050714A /* LoginViewController.m */; };
		A4D4FC0B1622D35C0050714A /* LoginViewController.xib in Resources */ = {isa = PBXBuildFile; fileRef = A4D4FC091622D35C0050714A /* LoginViewController.xib */; };
		A4F319271620A1F6001F1F44 /* UIKit.framework in Frameworks */ = {isa = PBXBuildFile; fileRef = A4F319261620A1F6001F1F44 /* UIKit.framework */; };
		A4F319291620A1F6001F1F44 /* Foundation.framework in Frameworks */ = {isa = PBXBuildFile; fileRef = A4F319281620A1F6001F1F44 /* Foundation.framework */; };
		A4F3192B1620A1F6001F1F44 /* CoreGraphics.framework in Frameworks */ = {isa = PBXBuildFile; fileRef = A4F3192A1620A1F6001F1F44 /* CoreGraphics.framework */; };
		A4F319311620A1F6001F1F44 /* InfoPlist.strings in Resources */ = {isa = PBXBuildFile; fileRef = A4F3192F1620A1F6001F1F44 /* InfoPlist.strings */; };
		A4F319331620A1F6001F1F44 /* main.m in Sources */ = {isa = PBXBuildFile; fileRef = A4F319321620A1F6001F1F44 /* main.m */; };
		A4F319371620A1F6001F1F44 /* IIIUIAppDelegate.m in Sources */ = {isa = PBXBuildFile; fileRef = A4F319361620A1F6001F1F44 /* IIIUIAppDelegate.m */; };
		A4F319391620A1F6001F1F44 /* Default.png in Resources */ = {isa = PBXBuildFile; fileRef = A4F319381620A1F6001F1F44 /* Default.png */; };
		A4F3193B1620A1F6001F1F44 /* Default@2x.png in Resources */ = {isa = PBXBuildFile; fileRef = A4F3193A1620A1F6001F1F44 /* Default@2x.png */; };
		A4F3193D1620A1F6001F1F44 /* Default-568h@2x.png in Resources */ = {isa = PBXBuildFile; fileRef = A4F3193C1620A1F6001F1F44 /* Default-568h@2x.png */; };
/* End PBXBuildFile section */

/* Begin PBXFileReference section */
		6C89A097162D3B0B00D212E8 /* AFTest.h */ = {isa = PBXFileReference; fileEncoding = 4; lastKnownFileType = sourcecode.c.h; path = AFTest.h; sourceTree = "<group>"; };
		6C89A098162D3B0B00D212E8 /* AFTest.m */ = {isa = PBXFileReference; fileEncoding = 4; lastKnownFileType = sourcecode.c.objc; path = AFTest.m; sourceTree = "<group>"; };
		6C89A09B162D427900D212E8 /* UserShare.h */ = {isa = PBXFileReference; fileEncoding = 4; lastKnownFileType = sourcecode.c.h; path = UserShare.h; sourceTree = "<group>"; };
		6C89A09C162D427900D212E8 /* UserShare.m */ = {isa = PBXFileReference; fileEncoding = 4; lastKnownFileType = sourcecode.c.objc; path = UserShare.m; sourceTree = "<group>"; };
		A4572EC6162331720079848E /* RegisterViewController.h */ = {isa = PBXFileReference; fileEncoding = 4; lastKnownFileType = sourcecode.c.h; path = RegisterViewController.h; sourceTree = "<group>"; };
		A4572EC7162331720079848E /* RegisterViewController.m */ = {isa = PBXFileReference; fileEncoding = 4; lastKnownFileType = sourcecode.c.objc; path = RegisterViewController.m; sourceTree = "<group>"; };
		A4572EC8162331720079848E /* RegisterViewController.xib */ = {isa = PBXFileReference; fileEncoding = 4; lastKnownFileType = file.xib; name = RegisterViewController.xib; path = ../Controllers/RegisterViewController.xib; sourceTree = "<group>"; };
		A4572ECE16236F0D0079848E /* logo.jpg */ = {isa = PBXFileReference; lastKnownFileType = image.jpeg; path = logo.jpg; sourceTree = "<group>"; };
		A4572ED016236FC20079848E /* IndexViewController.h */ = {isa = PBXFileReference; fileEncoding = 4; lastKnownFileType = sourcecode.c.h; path = IndexViewController.h; sourceTree = "<group>"; };
		A4572ED116236FC20079848E /* IndexViewController.m */ = {isa = PBXFileReference; fileEncoding = 4; lastKnownFileType = sourcecode.c.objc; path = IndexViewController.m; sourceTree = "<group>"; };
		A4572ED216236FC20079848E /* IndexViewController.xib */ = {isa = PBXFileReference; fileEncoding = 4; lastKnownFileType = file.xib; name = IndexViewController.xib; path = ../Controllers/IndexViewController.xib; sourceTree = "<group>"; };
		A4572ED516236FEA0079848E /* UserPageViewController.h */ = {isa = PBXFileReference; fileEncoding = 4; lastKnownFileType = sourcecode.c.h; path = UserPageViewController.h; sourceTree = "<group>"; };
		A4572ED616236FEA0079848E /* UserPageViewController.m */ = {isa = PBXFileReference; fileEncoding = 4; lastKnownFileType = sourcecode.c.objc; path = UserPageViewController.m; sourceTree = "<group>"; };
		A4572ED716236FEA0079848E /* UserPageViewController.xib */ = {isa = PBXFileReference; fileEncoding = 4; lastKnownFileType = file.xib; name = UserPageViewController.xib; path = ../Controllers/UserPageViewController.xib; sourceTree = "<group>"; };
		A4572F5316241F020079848E /* SystemConfiguration.framework */ = {isa = PBXFileReference; lastKnownFileType = wrapper.framework; name = SystemConfiguration.framework; path = System/Library/Frameworks/SystemConfiguration.framework; sourceTree = SDKROOT; };
		A4572F64162469F90079848E /* AFHTTPClient.h */ = {isa = PBXFileReference; fileEncoding = 4; lastKnownFileType = sourcecode.c.h; path = AFHTTPClient.h; sourceTree = "<group>"; };
		A4572F65162469F90079848E /* AFHTTPClient.m */ = {isa = PBXFileReference; fileEncoding = 4; lastKnownFileType = sourcecode.c.objc; path = AFHTTPClient.m; sourceTree = "<group>"; };
		A4572F66162469F90079848E /* AFHTTPRequestOperation.h */ = {isa = PBXFileReference; fileEncoding = 4; lastKnownFileType = sourcecode.c.h; path = AFHTTPRequestOperation.h; sourceTree = "<group>"; };
		A4572F67162469F90079848E /* AFHTTPRequestOperation.m */ = {isa = PBXFileReference; fileEncoding = 4; lastKnownFileType = sourcecode.c.objc; path = AFHTTPRequestOperation.m; sourceTree = "<group>"; };
		A4572F68162469F90079848E /* AFImageRequestOperation.h */ = {isa = PBXFileReference; fileEncoding = 4; lastKnownFileType = sourcecode.c.h; path = AFImageRequestOperation.h; sourceTree = "<group>"; };
		A4572F69162469F90079848E /* AFImageRequestOperation.m */ = {isa = PBXFileReference; fileEncoding = 4; lastKnownFileType = sourcecode.c.objc; path = AFImageRequestOperation.m; sourceTree = "<group>"; };
		A4572F6A162469F90079848E /* AFJSONRequestOperation.h */ = {isa = PBXFileReference; fileEncoding = 4; lastKnownFileType = sourcecode.c.h; path = AFJSONRequestOperation.h; sourceTree = "<group>"; };
		A4572F6B162469F90079848E /* AFJSONRequestOperation.m */ = {isa = PBXFileReference; fileEncoding = 4; lastKnownFileType = sourcecode.c.objc; path = AFJSONRequestOperation.m; sourceTree = "<group>"; };
		A4572F6C162469F90079848E /* AFNetworkActivityIndicatorManager.h */ = {isa = PBXFileReference; fileEncoding = 4; lastKnownFileType = sourcecode.c.h; path = AFNetworkActivityIndicatorManager.h; sourceTree = "<group>"; };
		A4572F6D162469F90079848E /* AFNetworkActivityIndicatorManager.m */ = {isa = PBXFileReference; fileEncoding = 4; lastKnownFileType = sourcecode.c.objc; path = AFNetworkActivityIndicatorManager.m; sourceTree = "<group>"; };
		A4572F6E162469F90079848E /* AFNetworking.h */ = {isa = PBXFileReference; fileEncoding = 4; lastKnownFileType = sourcecode.c.h; path = AFNetworking.h; sourceTree = "<group>"; };
		A4572F6F162469F90079848E /* AFPropertyListRequestOperation.h */ = {isa = PBXFileReference; fileEncoding = 4; lastKnownFileType = sourcecode.c.h; path = AFPropertyListRequestOperation.h; sourceTree = "<group>"; };
		A4572F70162469F90079848E /* AFPropertyListRequestOperation.m */ = {isa = PBXFileReference; fileEncoding = 4; lastKnownFileType = sourcecode.c.objc; path = AFPropertyListRequestOperation.m; sourceTree = "<group>"; };
		A4572F71162469F90079848E /* AFURLConnectionOperation.h */ = {isa = PBXFileReference; fileEncoding = 4; lastKnownFileType = sourcecode.c.h; path = AFURLConnectionOperation.h; sourceTree = "<group>"; };
		A4572F72162469F90079848E /* AFURLConnectionOperation.m */ = {isa = PBXFileReference; fileEncoding = 4; lastKnownFileType = sourcecode.c.objc; path = AFURLConnectionOperation.m; sourceTree = "<group>"; };
		A4572F73162469F90079848E /* AFXMLRequestOperation.h */ = {isa = PBXFileReference; fileEncoding = 4; lastKnownFileType = sourcecode.c.h; path = AFXMLRequestOperation.h; sourceTree = "<group>"; };
		A4572F74162469F90079848E /* AFXMLRequestOperation.m */ = {isa = PBXFileReference; fileEncoding = 4; lastKnownFileType = sourcecode.c.objc; path = AFXMLRequestOperation.m; sourceTree = "<group>"; };
		A4572F75162469F90079848E /* UIImageView+AFNetworking.h */ = {isa = PBXFileReference; fileEncoding = 4; lastKnownFileType = sourcecode.c.h; path = "UIImageView+AFNetworking.h"; sourceTree = "<group>"; };
		A4572F76162469F90079848E /* UIImageView+AFNetworking.m */ = {isa = PBXFileReference; fileEncoding = 4; lastKnownFileType = sourcecode.c.objc; path = "UIImageView+AFNetworking.m"; sourceTree = "<group>"; };
		A4572F87162491550079848E /* JSONKit.h */ = {isa = PBXFileReference; fileEncoding = 4; lastKnownFileType = sourcecode.c.h; path = JSONKit.h; sourceTree = "<group>"; };
		A4572F88162491550079848E /* JSONKit.m */ = {isa = PBXFileReference; fileEncoding = 4; lastKnownFileType = sourcecode.c.objc; path = JSONKit.m; sourceTree = "<group>"; };
		A47E583A1625DA7A00E4A175 /* IIIUIAlertView.h */ = {isa = PBXFileReference; fileEncoding = 4; lastKnownFileType = sourcecode.c.h; path = IIIUIAlertView.h; sourceTree = "<group>"; };
		A47E583B1625DA7A00E4A175 /* IIIUIAlertView.m */ = {isa = PBXFileReference; fileEncoding = 4; lastKnownFileType = sourcecode.c.objc; path = IIIUIAlertView.m; sourceTree = "<group>"; };
		A47E583E1625DE2000E4A175 /* IIIUIAFHTTPClient.h */ = {isa = PBXFileReference; fileEncoding = 4; lastKnownFileType = sourcecode.c.h; path = IIIUIAFHTTPClient.h; sourceTree = "<group>"; };
		A47E583F1625DE2000E4A175 /* IIIUIAFHTTPClient.m */ = {isa = PBXFileReference; fileEncoding = 4; lastKnownFileType = sourcecode.c.objc; path = IIIUIAFHTTPClient.m; sourceTree = "<group>"; };
		A47E58421625EEB200E4A175 /* UserService.h */ = {isa = PBXFileReference; fileEncoding = 4; lastKnownFileType = sourcecode.c.h; path = UserService.h; sourceTree = "<group>"; };
		A47E58431625EEB200E4A175 /* UserService.m */ = {isa = PBXFileReference; fileEncoding = 4; lastKnownFileType = sourcecode.c.objc; path = UserService.m; sourceTree = "<group>"; };
		A47E58491625FBD300E4A175 /* Tool.h */ = {isa = PBXFileReference; fileEncoding = 4; lastKnownFileType = sourcecode.c.h; path = Tool.h; sourceTree = "<group>"; };
		A47E584A1625FBD300E4A175 /* Tool.m */ = {isa = PBXFileReference; fileEncoding = 4; lastKnownFileType = sourcecode.c.objc; path = Tool.m; sourceTree = "<group>"; };
		A47E584C1625FC1200E4A175 /* Config.h */ = {isa = PBXFileReference; fileEncoding = 4; lastKnownFileType = sourcecode.c.h; path = Config.h; sourceTree = "<group>"; };
		A47E584D1625FC1200E4A175 /* Config.m */ = {isa = PBXFileReference; fileEncoding = 4; lastKnownFileType = sourcecode.c.objc; path = Config.m; sourceTree = "<group>"; };
		A47E58501626003B00E4A175 /* MBProgressHUD.h */ = {isa = PBXFileReference; fileEncoding = 4; lastKnownFileType = sourcecode.c.h; path = MBProgressHUD.h; sourceTree = "<group>"; };
		A47E58511626003B00E4A175 /* MBProgressHUD.m */ = {isa = PBXFileReference; fileEncoding = 4; lastKnownFileType = sourcecode.c.objc; path = MBProgressHUD.m; sourceTree = "<group>"; };
		A47E585316260EA600E4A175 /* SettingViewController.h */ = {isa = PBXFileReference; fileEncoding = 4; lastKnownFileType = sourcecode.c.h; path = SettingViewController.h; sourceTree = "<group>"; };
		A47E585416260EA700E4A175 /* SettingViewController.m */ = {isa = PBXFileReference; fileEncoding = 4; lastKnownFileType = sourcecode.c.objc; path = SettingViewController.m; sourceTree = "<group>"; };
		A47E585516260EA700E4A175 /* SettingViewController.xib */ = {isa = PBXFileReference; fileEncoding = 4; lastKnownFileType = file.xib; name = SettingViewController.xib; path = ../Controllers/SettingViewController.xib; sourceTree = "<group>"; };
		A47E58601626788E00E4A175 /* ShareViewController.h */ = {isa = PBXFileReference; fileEncoding = 4; lastKnownFileType = sourcecode.c.h; path = ShareViewController.h; sourceTree = "<group>"; };
		A47E58611626788F00E4A175 /* ShareViewController.m */ = {isa = PBXFileReference; fileEncoding = 4; lastKnownFileType = sourcecode.c.objc; path = ShareViewController.m; sourceTree = "<group>"; };
		A47E58621626789F00E4A175 /* ShareViewController.xib */ = {isa = PBXFileReference; fileEncoding = 4; lastKnownFileType = file.xib; name = ShareViewController.xib; path = ../Controllers/ShareViewController.xib; sourceTree = "<group>"; };
		A47E58651626919600E4A175 /* PicEditViewController.h */ = {isa = PBXFileReference; fileEncoding = 4; lastKnownFileType = sourcecode.c.h; path = PicEditViewController.h; sourceTree = "<group>"; };
		A47E58661626919700E4A175 /* PicEditViewController.m */ = {isa = PBXFileReference; fileEncoding = 4; lastKnownFileType = sourcecode.c.objc; path = PicEditViewController.m; sourceTree = "<group>"; };
		A47E58671626919A00E4A175 /* PicEditViewController.xib */ = {isa = PBXFileReference; fileEncoding = 4; lastKnownFileType = file.xib; name = PicEditViewController.xib; path = ../Controllers/PicEditViewController.xib; sourceTree = "<group>"; };
		A4D4FC021622CD760050714A /* UserAccount.h */ = {isa = PBXFileReference; fileEncoding = 4; lastKnownFileType = sourcecode.c.h; path = UserAccount.h; sourceTree = "<group>"; };
		A4D4FC031622CD760050714A /* UserAccount.m */ = {isa = PBXFileReference; fileEncoding = 4; lastKnownFileType = sourcecode.c.objc; path = UserAccount.m; sourceTree = "<group>"; };
		A4D4FC071622D35C0050714A /* LoginViewController.h */ = {isa = PBXFileReference; fileEncoding = 4; lastKnownFileType = sourcecode.c.h; path = LoginViewController.h; sourceTree = "<group>"; };
		A4D4FC081622D35C0050714A /* LoginViewController.m */ = {isa = PBXFileReference; fileEncoding = 4; lastKnownFileType = sourcecode.c.objc; path = LoginViewController.m; sourceTree = "<group>"; };
		A4D4FC091622D35C0050714A /* LoginViewController.xib */ = {isa = PBXFileReference; fileEncoding = 4; lastKnownFileType = file.xib; name = LoginViewController.xib; path = ../Controllers/LoginViewController.xib; sourceTree = "<group>"; };
		A4F319221620A1F6001F1F44 /* IIIUI-0.1.app */ = {isa = PBXFileReference; explicitFileType = wrapper.application; includeInIndex = 0; path = "IIIUI-0.1.app"; sourceTree = BUILT_PRODUCTS_DIR; };
		A4F319261620A1F6001F1F44 /* UIKit.framework */ = {isa = PBXFileReference; lastKnownFileType = wrapper.framework; name = UIKit.framework; path = System/Library/Frameworks/UIKit.framework; sourceTree = SDKROOT; };
		A4F319281620A1F6001F1F44 /* Foundation.framework */ = {isa = PBXFileReference; lastKnownFileType = wrapper.framework; name = Foundation.framework; path = System/Library/Frameworks/Foundation.framework; sourceTree = SDKROOT; };
		A4F3192A1620A1F6001F1F44 /* CoreGraphics.framework */ = {isa = PBXFileReference; lastKnownFileType = wrapper.framework; name = CoreGraphics.framework; path = System/Library/Frameworks/CoreGraphics.framework; sourceTree = SDKROOT; };
		A4F3192E1620A1F6001F1F44 /* IIIUI-0.1-Info.plist */ = {isa = PBXFileReference; lastKnownFileType = text.plist.xml; path = "IIIUI-0.1-Info.plist"; sourceTree = "<group>"; };
		A4F319301620A1F6001F1F44 /* en */ = {isa = PBXFileReference; lastKnownFileType = text.plist.strings; name = en; path = en.lproj/InfoPlist.strings; sourceTree = "<group>"; };
		A4F319321620A1F6001F1F44 /* main.m */ = {isa = PBXFileReference; lastKnownFileType = sourcecode.c.objc; path = main.m; sourceTree = "<group>"; };
		A4F319341620A1F6001F1F44 /* IIIUI-0.1-Prefix.pch */ = {isa = PBXFileReference; lastKnownFileType = sourcecode.c.h; path = "IIIUI-0.1-Prefix.pch"; sourceTree = "<group>"; };
		A4F319351620A1F6001F1F44 /* IIIUIAppDelegate.h */ = {isa = PBXFileReference; lastKnownFileType = sourcecode.c.h; path = IIIUIAppDelegate.h; sourceTree = "<group>"; };
		A4F319361620A1F6001F1F44 /* IIIUIAppDelegate.m */ = {isa = PBXFileReference; lastKnownFileType = sourcecode.c.objc; path = IIIUIAppDelegate.m; sourceTree = "<group>"; };
		A4F319381620A1F6001F1F44 /* Default.png */ = {isa = PBXFileReference; lastKnownFileType = image.png; path = Default.png; sourceTree = "<group>"; };
		A4F3193A1620A1F6001F1F44 /* Default@2x.png */ = {isa = PBXFileReference; lastKnownFileType = image.png; path = "Default@2x.png"; sourceTree = "<group>"; };
		A4F3193C1620A1F6001F1F44 /* Default-568h@2x.png */ = {isa = PBXFileReference; lastKnownFileType = image.png; path = "Default-568h@2x.png"; sourceTree = "<group>"; };
/* End PBXFileReference section */

/* Begin PBXFrameworksBuildPhase section */
		A4F3191F1620A1F6001F1F44 /* Frameworks */ = {
			isa = PBXFrameworksBuildPhase;
			buildActionMask = 2147483647;
			files = (
				A4F3192B1620A1F6001F1F44 /* CoreGraphics.framework in Frameworks */,
				A4572F5416241F020079848E /* SystemConfiguration.framework in Frameworks */,
				A4F319271620A1F6001F1F44 /* UIKit.framework in Frameworks */,
				A4F319291620A1F6001F1F44 /* Foundation.framework in Frameworks */,
			);
			runOnlyForDeploymentPostprocessing = 0;
		};
/* End PBXFrameworksBuildPhase section */

/* Begin PBXGroup section */
		A4572F62162469F90079848E /* Libraries */ = {
			isa = PBXGroup;
			children = (
				A47E584F1626003A00E4A175 /* MBHUD */,
				A47E58481625FBBA00E4A175 /* Helper */,
				A47E583D1625DD8200E4A175 /* Network */,
				A47E58381625DA5500E4A175 /* PopWin */,
				A4572F86162491550079848E /* JSON */,
				A4572F63162469F90079848E /* AFNetworking */,
			);
			path = Libraries;
			sourceTree = "<group>";
		};
		A4572F63162469F90079848E /* AFNetworking */ = {
			isa = PBXGroup;
			children = (
				A4572F64162469F90079848E /* AFHTTPClient.h */,
				A4572F65162469F90079848E /* AFHTTPClient.m */,
				A4572F66162469F90079848E /* AFHTTPRequestOperation.h */,
				A4572F67162469F90079848E /* AFHTTPRequestOperation.m */,
				A4572F68162469F90079848E /* AFImageRequestOperation.h */,
				A4572F69162469F90079848E /* AFImageRequestOperation.m */,
				A4572F6A162469F90079848E /* AFJSONRequestOperation.h */,
				A4572F6B162469F90079848E /* AFJSONRequestOperation.m */,
				A4572F6C162469F90079848E /* AFNetworkActivityIndicatorManager.h */,
				A4572F6D162469F90079848E /* AFNetworkActivityIndicatorManager.m */,
				A4572F6E162469F90079848E /* AFNetworking.h */,
				A4572F6F162469F90079848E /* AFPropertyListRequestOperation.h */,
				A4572F70162469F90079848E /* AFPropertyListRequestOperation.m */,
				A4572F71162469F90079848E /* AFURLConnectionOperation.h */,
				A4572F72162469F90079848E /* AFURLConnectionOperation.m */,
				A4572F73162469F90079848E /* AFXMLRequestOperation.h */,
				A4572F74162469F90079848E /* AFXMLRequestOperation.m */,
				A4572F75162469F90079848E /* UIImageView+AFNetworking.h */,
				A4572F76162469F90079848E /* UIImageView+AFNetworking.m */,
			);
			path = AFNetworking;
			sourceTree = "<group>";
		};
		A4572F86162491550079848E /* JSON */ = {
			isa = PBXGroup;
			children = (
				A4572F87162491550079848E /* JSONKit.h */,
				A4572F88162491550079848E /* JSONKit.m */,
			);
			path = JSON;
			sourceTree = "<group>";
		};
		A47E58381625DA5500E4A175 /* PopWin */ = {
			isa = PBXGroup;
			children = (
				A47E583A1625DA7A00E4A175 /* IIIUIAlertView.h */,
				A47E583B1625DA7A00E4A175 /* IIIUIAlertView.m */,
			);
			path = PopWin;
			sourceTree = "<group>";
		};
		A47E583D1625DD8200E4A175 /* Network */ = {
			isa = PBXGroup;
			children = (
				A47E583E1625DE2000E4A175 /* IIIUIAFHTTPClient.h */,
				A47E583F1625DE2000E4A175 /* IIIUIAFHTTPClient.m */,
			);
			path = Network;
			sourceTree = "<group>";
		};
		A47E58411625EE9400E4A175 /* Services */ = {
			isa = PBXGroup;
			children = (
				A47E58421625EEB200E4A175 /* UserService.h */,
				A47E58431625EEB200E4A175 /* UserService.m */,
				6C89A097162D3B0B00D212E8 /* AFTest.h */,
				6C89A098162D3B0B00D212E8 /* AFTest.m */,
			);
			path = Services;
			sourceTree = "<group>";
		};
		A47E58481625FBBA00E4A175 /* Helper */ = {
			isa = PBXGroup;
			children = (
				A47E58491625FBD300E4A175 /* Tool.h */,
				A47E584A1625FBD300E4A175 /* Tool.m */,
			);
			path = Helper;
			sourceTree = "<group>";
		};
		A47E584F1626003A00E4A175 /* MBHUD */ = {
			isa = PBXGroup;
			children = (
				A47E58501626003B00E4A175 /* MBProgressHUD.h */,
				A47E58511626003B00E4A175 /* MBProgressHUD.m */,
			);
			path = MBHUD;
			sourceTree = "<group>";
		};
		A4F319171620A1F6001F1F44 = {
			isa = PBXGroup;
			children = (
				A4F3192C1620A1F6001F1F44 /* IIIUI-0.1 */,
				A4F319251620A1F6001F1F44 /* Frameworks */,
				A4F319231620A1F6001F1F44 /* Products */,
			);
			sourceTree = "<group>";
		};
		A4F319231620A1F6001F1F44 /* Products */ = {
			isa = PBXGroup;
			children = (
				A4F319221620A1F6001F1F44 /* IIIUI-0.1.app */,
			);
			name = Products;
			sourceTree = "<group>";
		};
		A4F319251620A1F6001F1F44 /* Frameworks */ = {
			isa = PBXGroup;
			children = (
				A4572F5316241F020079848E /* SystemConfiguration.framework */,
				A4F319261620A1F6001F1F44 /* UIKit.framework */,
				A4F319281620A1F6001F1F44 /* Foundation.framework */,
				A4F3192A1620A1F6001F1F44 /* CoreGraphics.framework */,
			);
			name = Frameworks;
			sourceTree = "<group>";
		};
		A4F3192C1620A1F6001F1F44 /* IIIUI-0.1 */ = {
			isa = PBXGroup;
			children = (
				A47E58411625EE9400E4A175 /* Services */,
				A4572F62162469F90079848E /* Libraries */,
				A4F319441620A2B1001F1F44 /* Models */,
				A4F319471620A2D1001F1F44 /* Controllers */,
				A4F319481620A2E0001F1F44 /* Views */,
				A4F319451620A2C7001F1F44 /* Resources */,
				A4F319351620A1F6001F1F44 /* IIIUIAppDelegate.h */,
				A4F319361620A1F6001F1F44 /* IIIUIAppDelegate.m */,
				A4F3192D1620A1F6001F1F44 /* Supporting Files */,
			);
			path = "IIIUI-0.1";
			sourceTree = "<group>";
		};
		A4F3192D1620A1F6001F1F44 /* Supporting Files */ = {
			isa = PBXGroup;
			children = (
				A4F3192E1620A1F6001F1F44 /* IIIUI-0.1-Info.plist */,
				A4F3192F1620A1F6001F1F44 /* InfoPlist.strings */,
				A4F319321620A1F6001F1F44 /* main.m */,
				A4F319341620A1F6001F1F44 /* IIIUI-0.1-Prefix.pch */,
				A4F319381620A1F6001F1F44 /* Default.png */,
				A4F3193A1620A1F6001F1F44 /* Default@2x.png */,
				A4F3193C1620A1F6001F1F44 /* Default-568h@2x.png */,
			);
			name = "Supporting Files";
			sourceTree = "<group>";
		};
		A4F319441620A2B1001F1F44 /* Models */ = {
			isa = PBXGroup;
			children = (
				A4D4FC021622CD760050714A /* UserAccount.h */,
				A4D4FC031622CD760050714A /* UserAccount.m */,
				A47E584C1625FC1200E4A175 /* Config.h */,
				A47E584D1625FC1200E4A175 /* Config.m */,
				6C89A09B162D427900D212E8 /* UserShare.h */,
				6C89A09C162D427900D212E8 /* UserShare.m */,
			);
			path = Models;
			sourceTree = "<group>";
		};
		A4F319451620A2C7001F1F44 /* Resources */ = {
			isa = PBXGroup;
			children = (
				A4F319461620A2C7001F1F44 /* Images */,
			);
			path = Resources;
			sourceTree = "<group>";
		};
		A4F319461620A2C7001F1F44 /* Images */ = {
			isa = PBXGroup;
			children = (
				A4572ECE16236F0D0079848E /* logo.jpg */,
			);
			path = Images;
			sourceTree = "<group>";
		};
		A4F319471620A2D1001F1F44 /* Controllers */ = {
			isa = PBXGroup;
			children = (
				A4D4FC071622D35C0050714A /* LoginViewController.h */,
				A4D4FC081622D35C0050714A /* LoginViewController.m */,
				A4572EC6162331720079848E /* RegisterViewController.h */,
				A4572EC7162331720079848E /* RegisterViewController.m */,
				A4572ED016236FC20079848E /* IndexViewController.h */,
				A4572ED116236FC20079848E /* IndexViewController.m */,
				A4572ED516236FEA0079848E /* UserPageViewController.h */,
				A4572ED616236FEA0079848E /* UserPageViewController.m */,
				A47E585316260EA600E4A175 /* SettingViewController.h */,
				A47E585416260EA700E4A175 /* SettingViewController.m */,
				A47E58601626788E00E4A175 /* ShareViewController.h */,
				A47E58611626788F00E4A175 /* ShareViewController.m */,
				A47E58651626919600E4A175 /* PicEditViewController.h */,
				A47E58661626919700E4A175 /* PicEditViewController.m */,
			);
			path = Controllers;
			sourceTree = "<group>";
		};
		A4F319481620A2E0001F1F44 /* Views */ = {
			isa = PBXGroup;
			children = (
				A47E58671626919A00E4A175 /* PicEditViewController.xib */,
				A47E58621626789F00E4A175 /* ShareViewController.xib */,
				A47E585516260EA700E4A175 /* SettingViewController.xib */,
				A4572ED716236FEA0079848E /* UserPageViewController.xib */,
				A4572ED216236FC20079848E /* IndexViewController.xib */,
				A4572EC8162331720079848E /* RegisterViewController.xib */,
				A4D4FC091622D35C0050714A /* LoginViewController.xib */,
			);
			path = Views;
			sourceTree = "<group>";
		};
/* End PBXGroup section */

/* Begin PBXNativeTarget section */
		A4F319211620A1F6001F1F44 /* IIIUI-0.1 */ = {
			isa = PBXNativeTarget;
			buildConfigurationList = A4F319401620A1F6001F1F44 /* Build configuration list for PBXNativeTarget "IIIUI-0.1" */;
			buildPhases = (
				A4F3191E1620A1F6001F1F44 /* Sources */,
				A4F3191F1620A1F6001F1F44 /* Frameworks */,
				A4F319201620A1F6001F1F44 /* Resources */,
			);
			buildRules = (
			);
			dependencies = (
			);
			name = "IIIUI-0.1";
			productName = "IIIUI-0.1";
			productReference = A4F319221620A1F6001F1F44 /* IIIUI-0.1.app */;
			productType = "com.apple.product-type.application";
		};
/* End PBXNativeTarget section */

/* Begin PBXProject section */
		A4F319191620A1F6001F1F44 /* Project object */ = {
			isa = PBXProject;
			attributes = {
				CLASSPREFIX = IIIUI;
				LastUpgradeCheck = 0450;
				ORGANIZATIONNAME = "You Star";
			};
			buildConfigurationList = A4F3191C1620A1F6001F1F44 /* Build configuration list for PBXProject "IIIUI-0.1" */;
			compatibilityVersion = "Xcode 3.2";
			developmentRegion = English;
			hasScannedForEncodings = 0;
			knownRegions = (
				en,
			);
			mainGroup = A4F319171620A1F6001F1F44;
			productRefGroup = A4F319231620A1F6001F1F44 /* Products */;
			projectDirPath = "";
			projectRoot = "";
			targets = (
				A4F319211620A1F6001F1F44 /* IIIUI-0.1 */,
			);
		};
/* End PBXProject section */

/* Begin PBXResourcesBuildPhase section */
		A4F319201620A1F6001F1F44 /* Resources */ = {
			isa = PBXResourcesBuildPhase;
			buildActionMask = 2147483647;
			files = (
				A4F319311620A1F6001F1F44 /* InfoPlist.strings in Resources */,
				A4F319391620A1F6001F1F44 /* Default.png in Resources */,
				A4F3193B1620A1F6001F1F44 /* Default@2x.png in Resources */,
				A4F3193D1620A1F6001F1F44 /* Default-568h@2x.png in Resources */,
				A4D4FC0B1622D35C0050714A /* LoginViewController.xib in Resources */,
				A4572ECA162331720079848E /* RegisterViewController.xib in Resources */,
				A4572ECF16236F0D0079848E /* logo.jpg in Resources */,
				A4572ED416236FC20079848E /* IndexViewController.xib in Resources */,
				A4572ED916236FEA0079848E /* UserPageViewController.xib in Resources */,
				A47E585716260EA800E4A175 /* SettingViewController.xib in Resources */,
				A47E5864162678A900E4A175 /* ShareViewController.xib in Resources */,
				A47E58691626919D00E4A175 /* PicEditViewController.xib in Resources */,
			);
			runOnlyForDeploymentPostprocessing = 0;
		};
/* End PBXResourcesBuildPhase section */

/* Begin PBXSourcesBuildPhase section */
		A4F3191E1620A1F6001F1F44 /* Sources */ = {
			isa = PBXSourcesBuildPhase;
			buildActionMask = 2147483647;
			files = (
				A4F319331620A1F6001F1F44 /* main.m in Sources */,
				A4F319371620A1F6001F1F44 /* IIIUIAppDelegate.m in Sources */,
				A4D4FC041622CD760050714A /* UserAccount.m in Sources */,
				A4D4FC0A1622D35C0050714A /* LoginViewController.m in Sources */,
				A4572EC9162331720079848E /* RegisterViewController.m in Sources */,
				A4572ED316236FC20079848E /* IndexViewController.m in Sources */,
				A4572ED816236FEA0079848E /* UserPageViewController.m in Sources */,
				A4572F78162469F90079848E /* AFHTTPClient.m in Sources */,
				A4572F79162469F90079848E /* AFHTTPRequestOperation.m in Sources */,
				A4572F7A162469F90079848E /* AFImageRequestOperation.m in Sources */,
				A4572F7B162469F90079848E /* AFJSONRequestOperation.m in Sources */,
				A4572F7C162469F90079848E /* AFNetworkActivityIndicatorManager.m in Sources */,
				A4572F7D162469F90079848E /* AFPropertyListRequestOperation.m in Sources */,
				A4572F7E162469F90079848E /* AFURLConnectionOperation.m in Sources */,
				A4572F7F162469F90079848E /* AFXMLRequestOperation.m in Sources */,
				A4572F80162469F90079848E /* UIImageView+AFNetworking.m in Sources */,
				A4572F89162491550079848E /* JSONKit.m in Sources */,
				A47E583C1625DA7A00E4A175 /* IIIUIAlertView.m in Sources */,
				A47E58401625DE2000E4A175 /* IIIUIAFHTTPClient.m in Sources */,
				A47E58441625EEB200E4A175 /* UserService.m in Sources */,
				A47E584B1625FBD300E4A175 /* Tool.m in Sources */,
				A47E584E1625FC1200E4A175 /* Config.m in Sources */,
				A47E58521626003B00E4A175 /* MBProgressHUD.m in Sources */,
				A47E585616260EA800E4A175 /* SettingViewController.m in Sources */,
				A47E5863162678A900E4A175 /* ShareViewController.m in Sources */,
				A47E58681626919D00E4A175 /* PicEditViewController.m in Sources */,
				6C89A099162D3B0B00D212E8 /* AFTest.m in Sources */,
				6C89A09D162D427900D212E8 /* UserShare.m in Sources */,
			);
			runOnlyForDeploymentPostprocessing = 0;
		};
/* End PBXSourcesBuildPhase section */

/* Begin PBXVariantGroup section */
		A4F3192F1620A1F6001F1F44 /* InfoPlist.strings */ = {
			isa = PBXVariantGroup;
			children = (
				A4F319301620A1F6001F1F44 /* en */,
			);
			name = InfoPlist.strings;
			sourceTree = "<group>";
		};
/* End PBXVariantGroup section */

/* Begin XCBuildConfiguration section */
		A4F3193E1620A1F6001F1F44 /* Debug */ = {
			isa = XCBuildConfiguration;
			buildSettings = {
				ALWAYS_SEARCH_USER_PATHS = NO;
				CLANG_CXX_LANGUAGE_STANDARD = "gnu++0x";
				CLANG_CXX_LIBRARY = "libc++";
				CLANG_ENABLE_OBJC_ARC = YES;
				CLANG_WARN_EMPTY_BODY = YES;
				CLANG_WARN__DUPLICATE_METHOD_MATCH = YES;
				"CODE_SIGN_IDENTITY[sdk=iphoneos*]" = "iPhone Developer";
				COPY_PHASE_STRIP = NO;
				GCC_C_LANGUAGE_STANDARD = gnu99;
				GCC_DYNAMIC_NO_PIC = NO;
				GCC_OPTIMIZATION_LEVEL = 0;
				GCC_PREPROCESSOR_DEFINITIONS = (
					"DEBUG=1",
					"$(inherited)",
				);
				GCC_SYMBOLS_PRIVATE_EXTERN = NO;
				GCC_WARN_ABOUT_RETURN_TYPE = YES;
				GCC_WARN_UNINITIALIZED_AUTOS = YES;
				GCC_WARN_UNUSED_VARIABLE = YES;
				IPHONEOS_DEPLOYMENT_TARGET = 6.0;
				SDKROOT = iphoneos;
			};
			name = Debug;
		};
		A4F3193F1620A1F6001F1F44 /* Release */ = {
			isa = XCBuildConfiguration;
			buildSettings = {
				ALWAYS_SEARCH_USER_PATHS = NO;
				CLANG_CXX_LANGUAGE_STANDARD = "gnu++0x";
				CLANG_CXX_LIBRARY = "libc++";
				CLANG_ENABLE_OBJC_ARC = YES;
				CLANG_WARN_EMPTY_BODY = YES;
				CLANG_WARN__DUPLICATE_METHOD_MATCH = YES;
				"CODE_SIGN_IDENTITY[sdk=iphoneos*]" = "iPhone Developer";
				COPY_PHASE_STRIP = YES;
				GCC_C_LANGUAGE_STANDARD = gnu99;
				GCC_WARN_ABOUT_RETURN_TYPE = YES;
				GCC_WARN_UNINITIALIZED_AUTOS = YES;
				GCC_WARN_UNUSED_VARIABLE = YES;
				IPHONEOS_DEPLOYMENT_TARGET = 6.0;
				OTHER_CFLAGS = "-DNS_BLOCK_ASSERTIONS=1";
				SDKROOT = iphoneos;
				VALIDATE_PRODUCT = YES;
			};
			name = Release;
		};
		A4F319411620A1F6001F1F44 /* Debug */ = {
			isa = XCBuildConfiguration;
			buildSettings = {
				GCC_PRECOMPILE_PREFIX_HEADER = YES;
				GCC_PREFIX_HEADER = "IIIUI-0.1/IIIUI-0.1-Prefix.pch";
				INFOPLIST_FILE = "IIIUI-0.1/IIIUI-0.1-Info.plist";
				IPHONEOS_DEPLOYMENT_TARGET = 4.3;
				PRODUCT_NAME = "$(TARGET_NAME)";
				WRAPPER_EXTENSION = app;
			};
			name = Debug;
		};
		A4F319421620A1F6001F1F44 /* Release */ = {
			isa = XCBuildConfiguration;
			buildSettings = {
				GCC_PRECOMPILE_PREFIX_HEADER = YES;
				GCC_PREFIX_HEADER = "IIIUI-0.1/IIIUI-0.1-Prefix.pch";
				INFOPLIST_FILE = "IIIUI-0.1/IIIUI-0.1-Info.plist";
				IPHONEOS_DEPLOYMENT_TARGET = 4.3;
				PRODUCT_NAME = "$(TARGET_NAME)";
				WRAPPER_EXTENSION = app;
			};
			name = Release;
		};
/* End XCBuildConfiguration section */

/* Begin XCConfigurationList section */
		A4F3191C1620A1F6001F1F44 /* Build configuration list for PBXProject "IIIUI-0.1" */ = {
			isa = XCConfigurationList;
			buildConfigurations = (
				A4F3193E1620A1F6001F1F44 /* Debug */,
				A4F3193F1620A1F6001F1F44 /* Release */,
			);
			defaultConfigurationIsVisible = 0;
			defaultConfigurationName = Release;
		};
		A4F319401620A1F6001F1F44 /* Build configuration list for PBXNativeTarget "IIIUI-0.1" */ = {
			isa = XCConfigurationList;
			buildConfigurations = (
				A4F319411620A1F6001F1F44 /* Debug */,
				A4F319421620A1F6001F1F44 /* Release */,
			);
			defaultConfigurationIsVisible = 0;
			defaultConfigurationName = Release;
		};
/* End XCConfigurationList section */
	};
	rootObject = A4F319191620A1F6001F1F44 /* Project object */;
}
