// !$*UTF8*$!
{
	archiveVersion = 1;
	classes = {
	};
	objectVersion = 46;
	objects = {

/* Begin PBXBuildFile section */
		A4D935F416079141001C69F0 /* UIKit.framework in Frameworks */ = {isa = PBXBuildFile; fileRef = A4D935F316079141001C69F0 /* UIKit.framework */; };
		A4D935F616079141001C69F0 /* Foundation.framework in Frameworks */ = {isa = PBXBuildFile; fileRef = A4D935F516079141001C69F0 /* Foundation.framework */; };
		A4D935F816079141001C69F0 /* CoreGraphics.framework in Frameworks */ = {isa = PBXBuildFile; fileRef = A4D935F716079141001C69F0 /* CoreGraphics.framework */; };
		A4D935FE16079141001C69F0 /* InfoPlist.strings in Resources */ = {isa = PBXBuildFile; fileRef = A4D935FC16079141001C69F0 /* InfoPlist.strings */; };
		A4D9360016079141001C69F0 /* main.m in Sources */ = {isa = PBXBuildFile; fileRef = A4D935FF16079141001C69F0 /* main.m */; };
		A4D9360416079141001C69F0 /* IIIUIAppDelegate.m in Sources */ = {isa = PBXBuildFile; fileRef = A4D9360316079141001C69F0 /* IIIUIAppDelegate.m */; };
		A4D9360C16079141001C69F0 /* SenTestingKit.framework in Frameworks */ = {isa = PBXBuildFile; fileRef = A4D9360B16079141001C69F0 /* SenTestingKit.framework */; };
		A4D9360D16079141001C69F0 /* UIKit.framework in Frameworks */ = {isa = PBXBuildFile; fileRef = A4D935F316079141001C69F0 /* UIKit.framework */; };
		A4D9360E16079141001C69F0 /* Foundation.framework in Frameworks */ = {isa = PBXBuildFile; fileRef = A4D935F516079141001C69F0 /* Foundation.framework */; };
		A4D9361616079141001C69F0 /* InfoPlist.strings in Resources */ = {isa = PBXBuildFile; fileRef = A4D9361416079141001C69F0 /* InfoPlist.strings */; };
		A4D9361916079141001C69F0 /* iiiui_0_2Tests.m in Sources */ = {isa = PBXBuildFile; fileRef = A4D9361816079141001C69F0 /* iiiui_0_2Tests.m */; };
/* End PBXBuildFile section */

/* Begin PBXContainerItemProxy section */
		A4D9360F16079141001C69F0 /* PBXContainerItemProxy */ = {
			isa = PBXContainerItemProxy;
			containerPortal = A4D935E616079141001C69F0 /* Project object */;
			proxyType = 1;
			remoteGlobalIDString = A4D935EE16079141001C69F0;
			remoteInfo = "iiiui-0.2";
		};
/* End PBXContainerItemProxy section */

/* Begin PBXFileReference section */
		A4D935EF16079141001C69F0 /* iiiui-0.2.app */ = {isa = PBXFileReference; explicitFileType = wrapper.application; includeInIndex = 0; path = "iiiui-0.2.app"; sourceTree = BUILT_PRODUCTS_DIR; };
		A4D935F316079141001C69F0 /* UIKit.framework */ = {isa = PBXFileReference; lastKnownFileType = wrapper.framework; name = UIKit.framework; path = System/Library/Frameworks/UIKit.framework; sourceTree = SDKROOT; };
		A4D935F516079141001C69F0 /* Foundation.framework */ = {isa = PBXFileReference; lastKnownFileType = wrapper.framework; name = Foundation.framework; path = System/Library/Frameworks/Foundation.framework; sourceTree = SDKROOT; };
		A4D935F716079141001C69F0 /* CoreGraphics.framework */ = {isa = PBXFileReference; lastKnownFileType = wrapper.framework; name = CoreGraphics.framework; path = System/Library/Frameworks/CoreGraphics.framework; sourceTree = SDKROOT; };
		A4D935FB16079141001C69F0 /* iiiui-0.2-Info.plist */ = {isa = PBXFileReference; lastKnownFileType = text.plist.xml; path = "iiiui-0.2-Info.plist"; sourceTree = "<group>"; };
		A4D935FD16079141001C69F0 /* en */ = {isa = PBXFileReference; lastKnownFileType = text.plist.strings; name = en; path = en.lproj/InfoPlist.strings; sourceTree = "<group>"; };
		A4D935FF16079141001C69F0 /* main.m */ = {isa = PBXFileReference; lastKnownFileType = sourcecode.c.objc; path = main.m; sourceTree = "<group>"; };
		A4D9360116079141001C69F0 /* iiiui-0.2-Prefix.pch */ = {isa = PBXFileReference; lastKnownFileType = sourcecode.c.h; path = "iiiui-0.2-Prefix.pch"; sourceTree = "<group>"; };
		A4D9360216079141001C69F0 /* IIIUIAppDelegate.h */ = {isa = PBXFileReference; lastKnownFileType = sourcecode.c.h; path = IIIUIAppDelegate.h; sourceTree = "<group>"; };
		A4D9360316079141001C69F0 /* IIIUIAppDelegate.m */ = {isa = PBXFileReference; lastKnownFileType = sourcecode.c.objc; path = IIIUIAppDelegate.m; sourceTree = "<group>"; };
		A4D9360A16079141001C69F0 /* iiiui-0.2Tests.octest */ = {isa = PBXFileReference; explicitFileType = wrapper.cfbundle; includeInIndex = 0; path = "iiiui-0.2Tests.octest"; sourceTree = BUILT_PRODUCTS_DIR; };
		A4D9360B16079141001C69F0 /* SenTestingKit.framework */ = {isa = PBXFileReference; lastKnownFileType = wrapper.framework; name = SenTestingKit.framework; path = Library/Frameworks/SenTestingKit.framework; sourceTree = DEVELOPER_DIR; };
		A4D9361316079141001C69F0 /* iiiui-0.2Tests-Info.plist */ = {isa = PBXFileReference; lastKnownFileType = text.plist.xml; path = "iiiui-0.2Tests-Info.plist"; sourceTree = "<group>"; };
		A4D9361516079141001C69F0 /* en */ = {isa = PBXFileReference; lastKnownFileType = text.plist.strings; name = en; path = en.lproj/InfoPlist.strings; sourceTree = "<group>"; };
		A4D9361716079141001C69F0 /* iiiui_0_2Tests.h */ = {isa = PBXFileReference; lastKnownFileType = sourcecode.c.h; path = iiiui_0_2Tests.h; sourceTree = "<group>"; };
		A4D9361816079141001C69F0 /* iiiui_0_2Tests.m */ = {isa = PBXFileReference; lastKnownFileType = sourcecode.c.objc; path = iiiui_0_2Tests.m; sourceTree = "<group>"; };
/* End PBXFileReference section */

/* Begin PBXFrameworksBuildPhase section */
		A4D935EC16079141001C69F0 /* Frameworks */ = {
			isa = PBXFrameworksBuildPhase;
			buildActionMask = 2147483647;
			files = (
				A4D935F416079141001C69F0 /* UIKit.framework in Frameworks */,
				A4D935F616079141001C69F0 /* Foundation.framework in Frameworks */,
				A4D935F816079141001C69F0 /* CoreGraphics.framework in Frameworks */,
			);
			runOnlyForDeploymentPostprocessing = 0;
		};
		A4D9360616079141001C69F0 /* Frameworks */ = {
			isa = PBXFrameworksBuildPhase;
			buildActionMask = 2147483647;
			files = (
				A4D9360C16079141001C69F0 /* SenTestingKit.framework in Frameworks */,
				A4D9360D16079141001C69F0 /* UIKit.framework in Frameworks */,
				A4D9360E16079141001C69F0 /* Foundation.framework in Frameworks */,
			);
			runOnlyForDeploymentPostprocessing = 0;
		};
/* End PBXFrameworksBuildPhase section */

/* Begin PBXGroup section */
		A4D935E416079141001C69F0 = {
			isa = PBXGroup;
			children = (
				A4D935F916079141001C69F0 /* iiiui-0.2 */,
				A4D9361116079141001C69F0 /* iiiui-0.2Tests */,
				A4D935F216079141001C69F0 /* Frameworks */,
				A4D935F016079141001C69F0 /* Products */,
			);
			sourceTree = "<group>";
		};
		A4D935F016079141001C69F0 /* Products */ = {
			isa = PBXGroup;
			children = (
				A4D935EF16079141001C69F0 /* iiiui-0.2.app */,
				A4D9360A16079141001C69F0 /* iiiui-0.2Tests.octest */,
			);
			name = Products;
			sourceTree = "<group>";
		};
		A4D935F216079141001C69F0 /* Frameworks */ = {
			isa = PBXGroup;
			children = (
				A4D935F316079141001C69F0 /* UIKit.framework */,
				A4D935F516079141001C69F0 /* Foundation.framework */,
				A4D935F716079141001C69F0 /* CoreGraphics.framework */,
				A4D9360B16079141001C69F0 /* SenTestingKit.framework */,
			);
			name = Frameworks;
			sourceTree = "<group>";
		};
		A4D935F916079141001C69F0 /* iiiui-0.2 */ = {
			isa = PBXGroup;
			children = (
				A4D9360216079141001C69F0 /* IIIUIAppDelegate.h */,
				A4D9360316079141001C69F0 /* IIIUIAppDelegate.m */,
				A4D935FA16079141001C69F0 /* Supporting Files */,
			);
			path = "iiiui-0.2";
			sourceTree = "<group>";
		};
		A4D935FA16079141001C69F0 /* Supporting Files */ = {
			isa = PBXGroup;
			children = (
				A4D935FB16079141001C69F0 /* iiiui-0.2-Info.plist */,
				A4D935FC16079141001C69F0 /* InfoPlist.strings */,
				A4D935FF16079141001C69F0 /* main.m */,
				A4D9360116079141001C69F0 /* iiiui-0.2-Prefix.pch */,
			);
			name = "Supporting Files";
			sourceTree = "<group>";
		};
		A4D9361116079141001C69F0 /* iiiui-0.2Tests */ = {
			isa = PBXGroup;
			children = (
				A4D9361716079141001C69F0 /* iiiui_0_2Tests.h */,
				A4D9361816079141001C69F0 /* iiiui_0_2Tests.m */,
				A4D9361216079141001C69F0 /* Supporting Files */,
			);
			path = "iiiui-0.2Tests";
			sourceTree = "<group>";
		};
		A4D9361216079141001C69F0 /* Supporting Files */ = {
			isa = PBXGroup;
			children = (
				A4D9361316079141001C69F0 /* iiiui-0.2Tests-Info.plist */,
				A4D9361416079141001C69F0 /* InfoPlist.strings */,
			);
			name = "Supporting Files";
			sourceTree = "<group>";
		};
/* End PBXGroup section */

/* Begin PBXNativeTarget section */
		A4D935EE16079141001C69F0 /* iiiui-0.2 */ = {
			isa = PBXNativeTarget;
			buildConfigurationList = A4D9361C16079141001C69F0 /* Build configuration list for PBXNativeTarget "iiiui-0.2" */;
			buildPhases = (
				A4D935EB16079141001C69F0 /* Sources */,
				A4D935EC16079141001C69F0 /* Frameworks */,
				A4D935ED16079141001C69F0 /* Resources */,
			);
			buildRules = (
			);
			dependencies = (
			);
			name = "iiiui-0.2";
			productName = "iiiui-0.2";
			productReference = A4D935EF16079141001C69F0 /* iiiui-0.2.app */;
			productType = "com.apple.product-type.application";
		};
		A4D9360916079141001C69F0 /* iiiui-0.2Tests */ = {
			isa = PBXNativeTarget;
			buildConfigurationList = A4D9361F16079141001C69F0 /* Build configuration list for PBXNativeTarget "iiiui-0.2Tests" */;
			buildPhases = (
				A4D9360516079141001C69F0 /* Sources */,
				A4D9360616079141001C69F0 /* Frameworks */,
				A4D9360716079141001C69F0 /* Resources */,
				A4D9360816079141001C69F0 /* ShellScript */,
			);
			buildRules = (
			);
			dependencies = (
				A4D9361016079141001C69F0 /* PBXTargetDependency */,
			);
			name = "iiiui-0.2Tests";
			productName = "iiiui-0.2Tests";
			productReference = A4D9360A16079141001C69F0 /* iiiui-0.2Tests.octest */;
			productType = "com.apple.product-type.bundle";
		};
/* End PBXNativeTarget section */

/* Begin PBXProject section */
		A4D935E616079141001C69F0 /* Project object */ = {
			isa = PBXProject;
			attributes = {
				CLASSPREFIX = IIIUI;
				LastUpgradeCheck = 0440;
				ORGANIZATIONNAME = "You Star";
			};
			buildConfigurationList = A4D935E916079141001C69F0 /* Build configuration list for PBXProject "iiiui-0.2" */;
			compatibilityVersion = "Xcode 3.2";
			developmentRegion = English;
			hasScannedForEncodings = 0;
			knownRegions = (
				en,
			);
			mainGroup = A4D935E416079141001C69F0;
			productRefGroup = A4D935F016079141001C69F0 /* Products */;
			projectDirPath = "";
			projectRoot = "";
			targets = (
				A4D935EE16079141001C69F0 /* iiiui-0.2 */,
				A4D9360916079141001C69F0 /* iiiui-0.2Tests */,
			);
		};
/* End PBXProject section */

/* Begin PBXResourcesBuildPhase section */
		A4D935ED16079141001C69F0 /* Resources */ = {
			isa = PBXResourcesBuildPhase;
			buildActionMask = 2147483647;
			files = (
				A4D935FE16079141001C69F0 /* InfoPlist.strings in Resources */,
			);
			runOnlyForDeploymentPostprocessing = 0;
		};
		A4D9360716079141001C69F0 /* Resources */ = {
			isa = PBXResourcesBuildPhase;
			buildActionMask = 2147483647;
			files = (
				A4D9361616079141001C69F0 /* InfoPlist.strings in Resources */,
			);
			runOnlyForDeploymentPostprocessing = 0;
		};
/* End PBXResourcesBuildPhase section */

/* Begin PBXShellScriptBuildPhase section */
		A4D9360816079141001C69F0 /* ShellScript */ = {
			isa = PBXShellScriptBuildPhase;
			buildActionMask = 2147483647;
			files = (
			);
			inputPaths = (
			);
			outputPaths = (
			);
			runOnlyForDeploymentPostprocessing = 0;
			shellPath = /bin/sh;
			shellScript = "# Run the unit tests in this test bundle.\n\"${SYSTEM_DEVELOPER_DIR}/Tools/RunUnitTests\"\n";
		};
/* End PBXShellScriptBuildPhase section */

/* Begin PBXSourcesBuildPhase section */
		A4D935EB16079141001C69F0 /* Sources */ = {
			isa = PBXSourcesBuildPhase;
			buildActionMask = 2147483647;
			files = (
				A4D9360016079141001C69F0 /* main.m in Sources */,
				A4D9360416079141001C69F0 /* IIIUIAppDelegate.m in Sources */,
			);
			runOnlyForDeploymentPostprocessing = 0;
		};
		A4D9360516079141001C69F0 /* Sources */ = {
			isa = PBXSourcesBuildPhase;
			buildActionMask = 2147483647;
			files = (
				A4D9361916079141001C69F0 /* iiiui_0_2Tests.m in Sources */,
			);
			runOnlyForDeploymentPostprocessing = 0;
		};
/* End PBXSourcesBuildPhase section */

/* Begin PBXTargetDependency section */
		A4D9361016079141001C69F0 /* PBXTargetDependency */ = {
			isa = PBXTargetDependency;
			target = A4D935EE16079141001C69F0 /* iiiui-0.2 */;
			targetProxy = A4D9360F16079141001C69F0 /* PBXContainerItemProxy */;
		};
/* End PBXTargetDependency section */

/* Begin PBXVariantGroup section */
		A4D935FC16079141001C69F0 /* InfoPlist.strings */ = {
			isa = PBXVariantGroup;
			children = (
				A4D935FD16079141001C69F0 /* en */,
			);
			name = InfoPlist.strings;
			sourceTree = "<group>";
		};
		A4D9361416079141001C69F0 /* InfoPlist.strings */ = {
			isa = PBXVariantGroup;
			children = (
				A4D9361516079141001C69F0 /* en */,
			);
			name = InfoPlist.strings;
			sourceTree = "<group>";
		};
/* End PBXVariantGroup section */

/* Begin XCBuildConfiguration section */
		A4D9361A16079141001C69F0 /* Debug */ = {
			isa = XCBuildConfiguration;
			buildSettings = {
				ALWAYS_SEARCH_USER_PATHS = NO;
				ARCHS = "$(ARCHS_STANDARD_32_BIT)";
				CLANG_CXX_LANGUAGE_STANDARD = "gnu++0x";
				CLANG_ENABLE_OBJC_ARC = YES;
				CLANG_WARN__DUPLICATE_METHOD_MATCH = YES;
				"CODE_SIGN_IDENTITY[sdk=iphoneos*]" = "iPhone Developer";
				COPY_PHASE_STRIP = NO;
				GCC_C_LANGUAGE_STANDARD = gnu99;
				GCC_DYNAMIC_NO_PIC = NO;
				GCC_OPTIMIZATION_LEVEL = 0;
				GCC_PREPROCESSOR_DEFINITIONS = (
					"DEBUG=1",
					"$(inherited)",
				);
				GCC_SYMBOLS_PRIVATE_EXTERN = NO;
				GCC_VERSION = com.apple.compilers.llvm.clang.1_0;
				GCC_WARN_ABOUT_RETURN_TYPE = YES;
				GCC_WARN_UNINITIALIZED_AUTOS = YES;
				GCC_WARN_UNUSED_VARIABLE = YES;
				IPHONEOS_DEPLOYMENT_TARGET = 5.1;
				SDKROOT = iphoneos;
			};
			name = Debug;
		};
		A4D9361B16079141001C69F0 /* Release */ = {
			isa = XCBuildConfiguration;
			buildSettings = {
				ALWAYS_SEARCH_USER_PATHS = NO;
				ARCHS = "$(ARCHS_STANDARD_32_BIT)";
				CLANG_CXX_LANGUAGE_STANDARD = "gnu++0x";
				CLANG_ENABLE_OBJC_ARC = YES;
				CLANG_WARN__DUPLICATE_METHOD_MATCH = YES;
				"CODE_SIGN_IDENTITY[sdk=iphoneos*]" = "iPhone Developer";
				COPY_PHASE_STRIP = YES;
				GCC_C_LANGUAGE_STANDARD = gnu99;
				GCC_VERSION = com.apple.compilers.llvm.clang.1_0;
				GCC_WARN_ABOUT_RETURN_TYPE = YES;
				GCC_WARN_UNINITIALIZED_AUTOS = YES;
				GCC_WARN_UNUSED_VARIABLE = YES;
				IPHONEOS_DEPLOYMENT_TARGET = 5.1;
				OTHER_CFLAGS = "-DNS_BLOCK_ASSERTIONS=1";
				SDKROOT = iphoneos;
				VALIDATE_PRODUCT = YES;
			};
			name = Release;
		};
		A4D9361D16079141001C69F0 /* Debug */ = {
			isa = XCBuildConfiguration;
			buildSettings = {
				GCC_PRECOMPILE_PREFIX_HEADER = YES;
				GCC_PREFIX_HEADER = "iiiui-0.2/iiiui-0.2-Prefix.pch";
				INFOPLIST_FILE = "iiiui-0.2/iiiui-0.2-Info.plist";
				PRODUCT_NAME = "$(TARGET_NAME)";
				WRAPPER_EXTENSION = app;
			};
			name = Debug;
		};
		A4D9361E16079141001C69F0 /* Release */ = {
			isa = XCBuildConfiguration;
			buildSettings = {
				GCC_PRECOMPILE_PREFIX_HEADER = YES;
				GCC_PREFIX_HEADER = "iiiui-0.2/iiiui-0.2-Prefix.pch";
				INFOPLIST_FILE = "iiiui-0.2/iiiui-0.2-Info.plist";
				PRODUCT_NAME = "$(TARGET_NAME)";
				WRAPPER_EXTENSION = app;
			};
			name = Release;
		};
		A4D9362016079141001C69F0 /* Debug */ = {
			isa = XCBuildConfiguration;
			buildSettings = {
				BUNDLE_LOADER = "$(BUILT_PRODUCTS_DIR)/iiiui-0.2.app/iiiui-0.2";
				FRAMEWORK_SEARCH_PATHS = (
					"\"$(SDKROOT)/Developer/Library/Frameworks\"",
					"\"$(DEVELOPER_LIBRARY_DIR)/Frameworks\"",
				);
				GCC_PRECOMPILE_PREFIX_HEADER = YES;
				GCC_PREFIX_HEADER = "iiiui-0.2/iiiui-0.2-Prefix.pch";
				INFOPLIST_FILE = "iiiui-0.2Tests/iiiui-0.2Tests-Info.plist";
				PRODUCT_NAME = "$(TARGET_NAME)";
				TEST_HOST = "$(BUNDLE_LOADER)";
				WRAPPER_EXTENSION = octest;
			};
			name = Debug;
		};
		A4D9362116079141001C69F0 /* Release */ = {
			isa = XCBuildConfiguration;
			buildSettings = {
				BUNDLE_LOADER = "$(BUILT_PRODUCTS_DIR)/iiiui-0.2.app/iiiui-0.2";
				FRAMEWORK_SEARCH_PATHS = (
					"\"$(SDKROOT)/Developer/Library/Frameworks\"",
					"\"$(DEVELOPER_LIBRARY_DIR)/Frameworks\"",
				);
				GCC_PRECOMPILE_PREFIX_HEADER = YES;
				GCC_PREFIX_HEADER = "iiiui-0.2/iiiui-0.2-Prefix.pch";
				INFOPLIST_FILE = "iiiui-0.2Tests/iiiui-0.2Tests-Info.plist";
				PRODUCT_NAME = "$(TARGET_NAME)";
				TEST_HOST = "$(BUNDLE_LOADER)";
				WRAPPER_EXTENSION = octest;
			};
			name = Release;
		};
/* End XCBuildConfiguration section */

/* Begin XCConfigurationList section */
		A4D935E916079141001C69F0 /* Build configuration list for PBXProject "iiiui-0.2" */ = {
			isa = XCConfigurationList;
			buildConfigurations = (
				A4D9361A16079141001C69F0 /* Debug */,
				A4D9361B16079141001C69F0 /* Release */,
			);
			defaultConfigurationIsVisible = 0;
			defaultConfigurationName = Release;
		};
		A4D9361C16079141001C69F0 /* Build configuration list for PBXNativeTarget "iiiui-0.2" */ = {
			isa = XCConfigurationList;
			buildConfigurations = (
				A4D9361D16079141001C69F0 /* Debug */,
				A4D9361E16079141001C69F0 /* Release */,
			);
			defaultConfigurationIsVisible = 0;
		};
		A4D9361F16079141001C69F0 /* Build configuration list for PBXNativeTarget "iiiui-0.2Tests" */ = {
			isa = XCConfigurationList;
			buildConfigurations = (
				A4D9362016079141001C69F0 /* Debug */,
				A4D9362116079141001C69F0 /* Release */,
			);
			defaultConfigurationIsVisible = 0;
		};
/* End XCConfigurationList section */
	};
	rootObject = A4D935E616079141001C69F0 /* Project object */;
}
